Microsoft Visual Studio Solution File, Format Version 12.00
# Visual Studio 14
VisualStudioVersion = 14.0.25420.1
MinimumVisualStudioVersion = 10.0.40219.1
Project("{FAE04EC0-301F-11D3-BF4B-00C04F79EFBC}") = "RecognitionTests", "RecognitionTests\RecognitionTests.csproj", "{8F81D8D6-E164-403D-B3D3-572A22566C85}"
EndProject
Project("{FAE04EC0-301F-11D3-BF4B-00C04F79EFBC}") = "Identification", "Identification\Identification.csproj", "{02FBCF4B-A06E-4747-8E14-54663FEA9B4D}"
EndProject
Project("{2150E333-8FDC-42A3-9474-1A3956D46DE8}") = "Avalonia", "Avalonia", "{3A905DE7-5057-4282-BFB7-68597D1FCC70}"
EndProject
Project("{FAE04EC0-301F-11D3-BF4B-00C04F79EFBC}") = "Avalonia.Base", "Avalonia\src\Avalonia.Base\Avalonia.Base.csproj", "{B09B78D8-9B26-48B0-9149-D64A2F120F3F}"
EndProject
Project("{FAE04EC0-301F-11D3-BF4B-00C04F79EFBC}") = "Avalonia.Visuals", "Avalonia\src\Avalonia.Visuals\Avalonia.Visuals.csproj", "{EB582467-6ABB-43A1-B052-E981BA910E3A}"
EndProject
Project("{FAE04EC0-301F-11D3-BF4B-00C04F79EFBC}") = "Avalonia.Layout", "Avalonia\src\Avalonia.Layout\Avalonia.Layout.csproj", "{42472427-4774-4C81-8AFF-9F27B8E31721}"
EndProject
Project("{2150E333-8FDC-42A3-9474-1A3956D46DE8}") = "Windows", "Windows", "{B39A8919-9F95-48FE-AD7B-76E08B509888}"
EndProject
Project("{FAE04EC0-301F-11D3-BF4B-00C04F79EFBC}") = "Avalonia.Win32", "Avalonia\src\Windows\Avalonia.Win32\Avalonia.Win32.csproj", "{811A76CF-1CF6-440F-963B-BBE31BD72A82}"
EndProject
Project("{FAE04EC0-301F-11D3-BF4B-00C04F79EFBC}") = "Avalonia.Direct2D1", "Avalonia\src\Windows\Avalonia.Direct2D1\Avalonia.Direct2D1.csproj", "{3E908F67-5543-4879-A1DC-08EACE79B3CD}"
EndProject
Project("{FAE04EC0-301F-11D3-BF4B-00C04F79EFBC}") = "Avalonia.Input", "Avalonia\src\Avalonia.Input\Avalonia.Input.csproj", "{62024B2D-53EB-4638-B26B-85EEAA54866E}"
EndProject
Project("{FAE04EC0-301F-11D3-BF4B-00C04F79EFBC}") = "Avalonia.Interactivity", "Avalonia\src\Avalonia.Interactivity\Avalonia.Interactivity.csproj", "{6B0ED19D-A08B-461C-A9D9-A9EE40B0C06B}"
EndProject
Project("{FAE04EC0-301F-11D3-BF4B-00C04F79EFBC}") = "Avalonia.Controls", "Avalonia\src\Avalonia.Controls\Avalonia.Controls.csproj", "{D2221C82-4A25-4583-9B43-D791E3F6820C}"
EndProject
Project("{FAE04EC0-301F-11D3-BF4B-00C04F79EFBC}") = "Avalonia.Styling", "Avalonia\src\Avalonia.Styling\Avalonia.Styling.csproj", "{F1BAA01A-F176-4C6A-B39D-5B40BB1B148F}"
EndProject
Project("{FAE04EC0-301F-11D3-BF4B-00C04F79EFBC}") = "Avalonia.Themes.Default", "Avalonia\src\Avalonia.Themes.Default\Avalonia.Themes.Default.csproj", "{3E10A5FA-E8DA-48B1-AD44-6A5B6CB7750F}"
EndProject
Project("{FAE04EC0-301F-11D3-BF4B-00C04F79EFBC}") = "Avalonia.Animation", "Avalonia\src\Avalonia.Animation\Avalonia.Animation.csproj", "{D211E587-D8BC-45B9-95A4-F297C8FA5200}"
EndProject
Project("{2150E333-8FDC-42A3-9474-1A3956D46DE8}") = "Markup", "Markup", "{8B6A8209-894F-4BA1-B880-965FD453982C}"
EndProject
Project("{FAE04EC0-301F-11D3-BF4B-00C04F79EFBC}") = "Avalonia.ReactiveUI", "Avalonia\src\Avalonia.ReactiveUI\Avalonia.ReactiveUI.csproj", "{6417B24E-49C2-4985-8DB2-3AB9D898EC91}"
EndProject
Project("{FAE04EC0-301F-11D3-BF4B-00C04F79EFBC}") = "Avalonia.Markup", "Avalonia\src\Markup\Avalonia.Markup\Avalonia.Markup.csproj", "{6417E941-21BC-467B-A771-0DE389353CE6}"
EndProject
Project("{FAE04EC0-301F-11D3-BF4B-00C04F79EFBC}") = "Avalonia.Logging.Serilog", "Avalonia\src\Avalonia.Logging.Serilog\Avalonia.Logging.Serilog.csproj", "{B61B66A3-B82D-4875-8001-89D3394FE0C9}"
EndProject
Project("{FAE04EC0-301F-11D3-BF4B-00C04F79EFBC}") = "Avalonia.DotNetFrameworkRuntime", "Avalonia\src\Avalonia.DotNetFrameworkRuntime\Avalonia.DotNetFrameworkRuntime.csproj", "{4A1ABB09-9047-4BD5-A4AD-A055E52C5EE0}"
EndProject
Project("{FAE04EC0-301F-11D3-BF4B-00C04F79EFBC}") = "OmniXaml.Avalonia", "Avalonia\src\Markup\OmniXaml.Avalonia.Xaml\OmniXaml.Avalonia.csproj", "{FB8A5225-7584-49A4-8978-FA1861AA91B4}"
EndProject
Project("{2150E333-8FDC-42A3-9474-1A3956D46DE8}") = "OmniXAMLv2", "OmniXAMLv2", "{34DFC730-5B88-420E-9B2A-EC3AA29A6F76}"
EndProject
Project("{FAE04EC0-301F-11D3-BF4B-00C04F79EFBC}") = "Glass.Core", "Avalonia\src\Markup\OmniXAMLv2\Glass.Core\Glass.Core.csproj", "{4AEFCFCF-5514-44B1-ACEF-93D40528A0BC}"
EndProject
Project("{FAE04EC0-301F-11D3-BF4B-00C04F79EFBC}") = "OmniXaml", "Avalonia\src\Markup\OmniXAMLv2\OmniXaml\OmniXaml.csproj", "{84AE3F65-B4DC-43E0-B2D0-DF0B188E8602}"
EndProject
Project("{FAE04EC0-301F-11D3-BF4B-00C04F79EFBC}") = "OmniXaml.Attributes", "Avalonia\src\Markup\OmniXAMLv2\OmniXaml.Attributes\OmniXaml.Attributes.csproj", "{4153120E-85ED-4CEB-AD0B-D5372744DDE8}"
EndProject
Project("{FAE04EC0-301F-11D3-BF4B-00C04F79EFBC}") = "OmniXaml.Services", "Avalonia\src\Markup\OmniXAMLv2\OmniXaml.Services\OmniXaml.Services.csproj", "{98E0E4A2-454C-446E-B585-1880FCD97541}"
EndProject
Project("{FAE04EC0-301F-11D3-BF4B-00C04F79EFBC}") = "Avalonia.HtmlRenderer", "Avalonia\src\Avalonia.HtmlRenderer\Avalonia.HtmlRenderer.csproj", "{5FB2B005-0A7F-4DAD-ADD4-3ED01444E63D}"
EndProject
Project("{FAE04EC0-301F-11D3-BF4B-00C04F79EFBC}") = "Avalonia.Diagnostics", "Avalonia\src\Avalonia.Diagnostics\Avalonia.Diagnostics.csproj", "{7062AE20-5DCC-4442-9645-8195BDECE63E}"
EndProject
Project("{FAE04EC0-301F-11D3-BF4B-00C04F79EFBC}") = "Desktop", "Desktop\Desktop.csproj", "{64C33AE8-472F-40F2-9E03-836C8B6DEC8B}"
EndProject
Global
	GlobalSection(SharedMSBuildProjectFiles) = preSolution
		Avalonia\src\Shared\RenderHelpers\RenderHelpers.projitems*{3e908f67-5543-4879-a1dc-08eace79b3cd}*SharedItemsImports = 4
		Avalonia\src\Shared\PlatformSupport\PlatformSupport.projitems*{4a1abb09-9047-4bd5-a4ad-a055e52c5ee0}*SharedItemsImports = 4
	EndGlobalSection
	GlobalSection(SolutionConfigurationPlatforms) = preSolution
		Ad-Hoc|Any CPU = Ad-Hoc|Any CPU
		Ad-Hoc|iPhone = Ad-Hoc|iPhone
		Ad-Hoc|iPhoneSimulator = Ad-Hoc|iPhoneSimulator
		Ad-Hoc|Mono = Ad-Hoc|Mono
		Ad-Hoc|x86 = Ad-Hoc|x86
		AppStore|Any CPU = AppStore|Any CPU
		AppStore|iPhone = AppStore|iPhone
		AppStore|iPhoneSimulator = AppStore|iPhoneSimulator
		AppStore|Mono = AppStore|Mono
		AppStore|x86 = AppStore|x86
		Debug|Any CPU = Debug|Any CPU
		Debug|iPhone = Debug|iPhone
		Debug|iPhoneSimulator = Debug|iPhoneSimulator
		Debug|Mono = Debug|Mono
		Debug|x86 = Debug|x86
		Release|Any CPU = Release|Any CPU
		Release|iPhone = Release|iPhone
		Release|iPhoneSimulator = Release|iPhoneSimulator
		Release|Mono = Release|Mono
		Release|x86 = Release|x86
	EndGlobalSection
	GlobalSection(ProjectConfigurationPlatforms) = postSolution
		{8F81D8D6-E164-403D-B3D3-572A22566C85}.Ad-Hoc|Any CPU.ActiveCfg = Release|Any CPU
		{8F81D8D6-E164-403D-B3D3-572A22566C85}.Ad-Hoc|Any CPU.Build.0 = Release|Any CPU
		{8F81D8D6-E164-403D-B3D3-572A22566C85}.Ad-Hoc|iPhone.ActiveCfg = Release|Any CPU
		{8F81D8D6-E164-403D-B3D3-572A22566C85}.Ad-Hoc|iPhone.Build.0 = Release|Any CPU
		{8F81D8D6-E164-403D-B3D3-572A22566C85}.Ad-Hoc|iPhoneSimulator.ActiveCfg = Release|Any CPU
		{8F81D8D6-E164-403D-B3D3-572A22566C85}.Ad-Hoc|iPhoneSimulator.Build.0 = Release|Any CPU
		{8F81D8D6-E164-403D-B3D3-572A22566C85}.Ad-Hoc|Mono.ActiveCfg = Release|Any CPU
		{8F81D8D6-E164-403D-B3D3-572A22566C85}.Ad-Hoc|Mono.Build.0 = Release|Any CPU
		{8F81D8D6-E164-403D-B3D3-572A22566C85}.Ad-Hoc|x86.ActiveCfg = Release|Any CPU
		{8F81D8D6-E164-403D-B3D3-572A22566C85}.Ad-Hoc|x86.Build.0 = Release|Any CPU
		{8F81D8D6-E164-403D-B3D3-572A22566C85}.AppStore|Any CPU.ActiveCfg = Release|Any CPU
		{8F81D8D6-E164-403D-B3D3-572A22566C85}.AppStore|Any CPU.Build.0 = Release|Any CPU
		{8F81D8D6-E164-403D-B3D3-572A22566C85}.AppStore|iPhone.ActiveCfg = Release|Any CPU
		{8F81D8D6-E164-403D-B3D3-572A22566C85}.AppStore|iPhone.Build.0 = Release|Any CPU
		{8F81D8D6-E164-403D-B3D3-572A22566C85}.AppStore|iPhoneSimulator.ActiveCfg = Release|Any CPU
		{8F81D8D6-E164-403D-B3D3-572A22566C85}.AppStore|iPhoneSimulator.Build.0 = Release|Any CPU
		{8F81D8D6-E164-403D-B3D3-572A22566C85}.AppStore|Mono.ActiveCfg = Release|Any CPU
		{8F81D8D6-E164-403D-B3D3-572A22566C85}.AppStore|Mono.Build.0 = Release|Any CPU
		{8F81D8D6-E164-403D-B3D3-572A22566C85}.AppStore|x86.ActiveCfg = Release|Any CPU
		{8F81D8D6-E164-403D-B3D3-572A22566C85}.AppStore|x86.Build.0 = Release|Any CPU
		{8F81D8D6-E164-403D-B3D3-572A22566C85}.Debug|Any CPU.ActiveCfg = Debug|Any CPU
		{8F81D8D6-E164-403D-B3D3-572A22566C85}.Debug|Any CPU.Build.0 = Debug|Any CPU
		{8F81D8D6-E164-403D-B3D3-572A22566C85}.Debug|iPhone.ActiveCfg = Debug|Any CPU
		{8F81D8D6-E164-403D-B3D3-572A22566C85}.Debug|iPhone.Build.0 = Debug|Any CPU
		{8F81D8D6-E164-403D-B3D3-572A22566C85}.Debug|iPhoneSimulator.ActiveCfg = Debug|Any CPU
		{8F81D8D6-E164-403D-B3D3-572A22566C85}.Debug|iPhoneSimulator.Build.0 = Debug|Any CPU
		{8F81D8D6-E164-403D-B3D3-572A22566C85}.Debug|Mono.ActiveCfg = Debug|Any CPU
		{8F81D8D6-E164-403D-B3D3-572A22566C85}.Debug|Mono.Build.0 = Debug|Any CPU
		{8F81D8D6-E164-403D-B3D3-572A22566C85}.Debug|x86.ActiveCfg = Debug|Any CPU
		{8F81D8D6-E164-403D-B3D3-572A22566C85}.Debug|x86.Build.0 = Debug|Any CPU
		{8F81D8D6-E164-403D-B3D3-572A22566C85}.Release|Any CPU.ActiveCfg = Release|Any CPU
		{8F81D8D6-E164-403D-B3D3-572A22566C85}.Release|Any CPU.Build.0 = Release|Any CPU
		{8F81D8D6-E164-403D-B3D3-572A22566C85}.Release|iPhone.ActiveCfg = Release|Any CPU
		{8F81D8D6-E164-403D-B3D3-572A22566C85}.Release|iPhone.Build.0 = Release|Any CPU
		{8F81D8D6-E164-403D-B3D3-572A22566C85}.Release|iPhoneSimulator.ActiveCfg = Release|Any CPU
		{8F81D8D6-E164-403D-B3D3-572A22566C85}.Release|iPhoneSimulator.Build.0 = Release|Any CPU
		{8F81D8D6-E164-403D-B3D3-572A22566C85}.Release|Mono.ActiveCfg = Release|Any CPU
		{8F81D8D6-E164-403D-B3D3-572A22566C85}.Release|Mono.Build.0 = Release|Any CPU
		{8F81D8D6-E164-403D-B3D3-572A22566C85}.Release|x86.ActiveCfg = Release|Any CPU
		{8F81D8D6-E164-403D-B3D3-572A22566C85}.Release|x86.Build.0 = Release|Any CPU
		{02FBCF4B-A06E-4747-8E14-54663FEA9B4D}.Ad-Hoc|Any CPU.ActiveCfg = Release|Any CPU
		{02FBCF4B-A06E-4747-8E14-54663FEA9B4D}.Ad-Hoc|Any CPU.Build.0 = Release|Any CPU
		{02FBCF4B-A06E-4747-8E14-54663FEA9B4D}.Ad-Hoc|iPhone.ActiveCfg = Release|Any CPU
		{02FBCF4B-A06E-4747-8E14-54663FEA9B4D}.Ad-Hoc|iPhone.Build.0 = Release|Any CPU
		{02FBCF4B-A06E-4747-8E14-54663FEA9B4D}.Ad-Hoc|iPhoneSimulator.ActiveCfg = Release|Any CPU
		{02FBCF4B-A06E-4747-8E14-54663FEA9B4D}.Ad-Hoc|iPhoneSimulator.Build.0 = Release|Any CPU
		{02FBCF4B-A06E-4747-8E14-54663FEA9B4D}.Ad-Hoc|Mono.ActiveCfg = Release|Any CPU
		{02FBCF4B-A06E-4747-8E14-54663FEA9B4D}.Ad-Hoc|Mono.Build.0 = Release|Any CPU
		{02FBCF4B-A06E-4747-8E14-54663FEA9B4D}.Ad-Hoc|x86.ActiveCfg = Release|Any CPU
		{02FBCF4B-A06E-4747-8E14-54663FEA9B4D}.Ad-Hoc|x86.Build.0 = Release|Any CPU
		{02FBCF4B-A06E-4747-8E14-54663FEA9B4D}.AppStore|Any CPU.ActiveCfg = Release|Any CPU
		{02FBCF4B-A06E-4747-8E14-54663FEA9B4D}.AppStore|Any CPU.Build.0 = Release|Any CPU
		{02FBCF4B-A06E-4747-8E14-54663FEA9B4D}.AppStore|iPhone.ActiveCfg = Release|Any CPU
		{02FBCF4B-A06E-4747-8E14-54663FEA9B4D}.AppStore|iPhone.Build.0 = Release|Any CPU
		{02FBCF4B-A06E-4747-8E14-54663FEA9B4D}.AppStore|iPhoneSimulator.ActiveCfg = Release|Any CPU
		{02FBCF4B-A06E-4747-8E14-54663FEA9B4D}.AppStore|iPhoneSimulator.Build.0 = Release|Any CPU
		{02FBCF4B-A06E-4747-8E14-54663FEA9B4D}.AppStore|Mono.ActiveCfg = Release|Any CPU
		{02FBCF4B-A06E-4747-8E14-54663FEA9B4D}.AppStore|Mono.Build.0 = Release|Any CPU
		{02FBCF4B-A06E-4747-8E14-54663FEA9B4D}.AppStore|x86.ActiveCfg = Release|Any CPU
		{02FBCF4B-A06E-4747-8E14-54663FEA9B4D}.AppStore|x86.Build.0 = Release|Any CPU
		{02FBCF4B-A06E-4747-8E14-54663FEA9B4D}.Debug|Any CPU.ActiveCfg = Debug|Any CPU
		{02FBCF4B-A06E-4747-8E14-54663FEA9B4D}.Debug|Any CPU.Build.0 = Debug|Any CPU
		{02FBCF4B-A06E-4747-8E14-54663FEA9B4D}.Debug|iPhone.ActiveCfg = Debug|Any CPU
		{02FBCF4B-A06E-4747-8E14-54663FEA9B4D}.Debug|iPhone.Build.0 = Debug|Any CPU
		{02FBCF4B-A06E-4747-8E14-54663FEA9B4D}.Debug|iPhoneSimulator.ActiveCfg = Debug|Any CPU
		{02FBCF4B-A06E-4747-8E14-54663FEA9B4D}.Debug|iPhoneSimulator.Build.0 = Debug|Any CPU
		{02FBCF4B-A06E-4747-8E14-54663FEA9B4D}.Debug|Mono.ActiveCfg = Debug|Any CPU
		{02FBCF4B-A06E-4747-8E14-54663FEA9B4D}.Debug|Mono.Build.0 = Debug|Any CPU
		{02FBCF4B-A06E-4747-8E14-54663FEA9B4D}.Debug|x86.ActiveCfg = Debug|Any CPU
		{02FBCF4B-A06E-4747-8E14-54663FEA9B4D}.Debug|x86.Build.0 = Debug|Any CPU
		{02FBCF4B-A06E-4747-8E14-54663FEA9B4D}.Release|Any CPU.ActiveCfg = Release|Any CPU
		{02FBCF4B-A06E-4747-8E14-54663FEA9B4D}.Release|Any CPU.Build.0 = Release|Any CPU
		{02FBCF4B-A06E-4747-8E14-54663FEA9B4D}.Release|iPhone.ActiveCfg = Release|Any CPU
		{02FBCF4B-A06E-4747-8E14-54663FEA9B4D}.Release|iPhone.Build.0 = Release|Any CPU
		{02FBCF4B-A06E-4747-8E14-54663FEA9B4D}.Release|iPhoneSimulator.ActiveCfg = Release|Any CPU
		{02FBCF4B-A06E-4747-8E14-54663FEA9B4D}.Release|iPhoneSimulator.Build.0 = Release|Any CPU
		{02FBCF4B-A06E-4747-8E14-54663FEA9B4D}.Release|Mono.ActiveCfg = Release|Any CPU
		{02FBCF4B-A06E-4747-8E14-54663FEA9B4D}.Release|Mono.Build.0 = Release|Any CPU
		{02FBCF4B-A06E-4747-8E14-54663FEA9B4D}.Release|x86.ActiveCfg = Release|Any CPU
		{02FBCF4B-A06E-4747-8E14-54663FEA9B4D}.Release|x86.Build.0 = Release|Any CPU
		{B09B78D8-9B26-48B0-9149-D64A2F120F3F}.Ad-Hoc|Any CPU.ActiveCfg = Release|Any CPU
		{B09B78D8-9B26-48B0-9149-D64A2F120F3F}.Ad-Hoc|Any CPU.Build.0 = Release|Any CPU
		{B09B78D8-9B26-48B0-9149-D64A2F120F3F}.Ad-Hoc|iPhone.ActiveCfg = Release|Any CPU
		{B09B78D8-9B26-48B0-9149-D64A2F120F3F}.Ad-Hoc|iPhone.Build.0 = Release|Any CPU
		{B09B78D8-9B26-48B0-9149-D64A2F120F3F}.Ad-Hoc|iPhoneSimulator.ActiveCfg = Release|Any CPU
		{B09B78D8-9B26-48B0-9149-D64A2F120F3F}.Ad-Hoc|iPhoneSimulator.Build.0 = Release|Any CPU
		{B09B78D8-9B26-48B0-9149-D64A2F120F3F}.Ad-Hoc|Mono.ActiveCfg = Debug|Any CPU
		{B09B78D8-9B26-48B0-9149-D64A2F120F3F}.Ad-Hoc|x86.ActiveCfg = Debug|Any CPU
		{B09B78D8-9B26-48B0-9149-D64A2F120F3F}.Ad-Hoc|x86.Build.0 = Debug|Any CPU
		{B09B78D8-9B26-48B0-9149-D64A2F120F3F}.AppStore|Any CPU.ActiveCfg = Release|Any CPU
		{B09B78D8-9B26-48B0-9149-D64A2F120F3F}.AppStore|Any CPU.Build.0 = Release|Any CPU
		{B09B78D8-9B26-48B0-9149-D64A2F120F3F}.AppStore|iPhone.ActiveCfg = Release|Any CPU
		{B09B78D8-9B26-48B0-9149-D64A2F120F3F}.AppStore|iPhone.Build.0 = Release|Any CPU
		{B09B78D8-9B26-48B0-9149-D64A2F120F3F}.AppStore|iPhoneSimulator.ActiveCfg = Release|Any CPU
		{B09B78D8-9B26-48B0-9149-D64A2F120F3F}.AppStore|iPhoneSimulator.Build.0 = Release|Any CPU
		{B09B78D8-9B26-48B0-9149-D64A2F120F3F}.AppStore|Mono.ActiveCfg = Debug|Any CPU
		{B09B78D8-9B26-48B0-9149-D64A2F120F3F}.AppStore|x86.ActiveCfg = Debug|Any CPU
		{B09B78D8-9B26-48B0-9149-D64A2F120F3F}.AppStore|x86.Build.0 = Debug|Any CPU
		{B09B78D8-9B26-48B0-9149-D64A2F120F3F}.Debug|Any CPU.ActiveCfg = Debug|Any CPU
		{B09B78D8-9B26-48B0-9149-D64A2F120F3F}.Debug|Any CPU.Build.0 = Debug|Any CPU
		{B09B78D8-9B26-48B0-9149-D64A2F120F3F}.Debug|iPhone.ActiveCfg = Debug|Any CPU
		{B09B78D8-9B26-48B0-9149-D64A2F120F3F}.Debug|iPhone.Build.0 = Debug|Any CPU
		{B09B78D8-9B26-48B0-9149-D64A2F120F3F}.Debug|iPhoneSimulator.ActiveCfg = Debug|Any CPU
		{B09B78D8-9B26-48B0-9149-D64A2F120F3F}.Debug|iPhoneSimulator.Build.0 = Debug|Any CPU
		{B09B78D8-9B26-48B0-9149-D64A2F120F3F}.Debug|Mono.ActiveCfg = Debug|Any CPU
		{B09B78D8-9B26-48B0-9149-D64A2F120F3F}.Debug|Mono.Build.0 = Debug|Any CPU
		{B09B78D8-9B26-48B0-9149-D64A2F120F3F}.Debug|x86.ActiveCfg = Debug|Any CPU
		{B09B78D8-9B26-48B0-9149-D64A2F120F3F}.Debug|x86.Build.0 = Debug|Any CPU
		{B09B78D8-9B26-48B0-9149-D64A2F120F3F}.Release|Any CPU.ActiveCfg = Release|Any CPU
		{B09B78D8-9B26-48B0-9149-D64A2F120F3F}.Release|Any CPU.Build.0 = Release|Any CPU
		{B09B78D8-9B26-48B0-9149-D64A2F120F3F}.Release|iPhone.ActiveCfg = Release|Any CPU
		{B09B78D8-9B26-48B0-9149-D64A2F120F3F}.Release|iPhone.Build.0 = Release|Any CPU
		{B09B78D8-9B26-48B0-9149-D64A2F120F3F}.Release|iPhoneSimulator.ActiveCfg = Release|Any CPU
		{B09B78D8-9B26-48B0-9149-D64A2F120F3F}.Release|iPhoneSimulator.Build.0 = Release|Any CPU
		{B09B78D8-9B26-48B0-9149-D64A2F120F3F}.Release|Mono.ActiveCfg = Release|Any CPU
		{B09B78D8-9B26-48B0-9149-D64A2F120F3F}.Release|Mono.Build.0 = Release|Any CPU
		{B09B78D8-9B26-48B0-9149-D64A2F120F3F}.Release|x86.ActiveCfg = Release|Any CPU
		{B09B78D8-9B26-48B0-9149-D64A2F120F3F}.Release|x86.Build.0 = Release|Any CPU
		{EB582467-6ABB-43A1-B052-E981BA910E3A}.Ad-Hoc|Any CPU.ActiveCfg = Release|Any CPU
		{EB582467-6ABB-43A1-B052-E981BA910E3A}.Ad-Hoc|Any CPU.Build.0 = Release|Any CPU
		{EB582467-6ABB-43A1-B052-E981BA910E3A}.Ad-Hoc|iPhone.ActiveCfg = Release|Any CPU
		{EB582467-6ABB-43A1-B052-E981BA910E3A}.Ad-Hoc|iPhone.Build.0 = Release|Any CPU
		{EB582467-6ABB-43A1-B052-E981BA910E3A}.Ad-Hoc|iPhoneSimulator.ActiveCfg = Release|Any CPU
		{EB582467-6ABB-43A1-B052-E981BA910E3A}.Ad-Hoc|iPhoneSimulator.Build.0 = Release|Any CPU
		{EB582467-6ABB-43A1-B052-E981BA910E3A}.Ad-Hoc|Mono.ActiveCfg = Debug|Any CPU
		{EB582467-6ABB-43A1-B052-E981BA910E3A}.Ad-Hoc|x86.ActiveCfg = Debug|Any CPU
		{EB582467-6ABB-43A1-B052-E981BA910E3A}.Ad-Hoc|x86.Build.0 = Debug|Any CPU
		{EB582467-6ABB-43A1-B052-E981BA910E3A}.AppStore|Any CPU.ActiveCfg = Release|Any CPU
		{EB582467-6ABB-43A1-B052-E981BA910E3A}.AppStore|Any CPU.Build.0 = Release|Any CPU
		{EB582467-6ABB-43A1-B052-E981BA910E3A}.AppStore|iPhone.ActiveCfg = Release|Any CPU
		{EB582467-6ABB-43A1-B052-E981BA910E3A}.AppStore|iPhone.Build.0 = Release|Any CPU
		{EB582467-6ABB-43A1-B052-E981BA910E3A}.AppStore|iPhoneSimulator.ActiveCfg = Release|Any CPU
		{EB582467-6ABB-43A1-B052-E981BA910E3A}.AppStore|iPhoneSimulator.Build.0 = Release|Any CPU
		{EB582467-6ABB-43A1-B052-E981BA910E3A}.AppStore|Mono.ActiveCfg = Debug|Any CPU
		{EB582467-6ABB-43A1-B052-E981BA910E3A}.AppStore|x86.ActiveCfg = Debug|Any CPU
		{EB582467-6ABB-43A1-B052-E981BA910E3A}.AppStore|x86.Build.0 = Debug|Any CPU
		{EB582467-6ABB-43A1-B052-E981BA910E3A}.Debug|Any CPU.ActiveCfg = Debug|Any CPU
		{EB582467-6ABB-43A1-B052-E981BA910E3A}.Debug|Any CPU.Build.0 = Debug|Any CPU
		{EB582467-6ABB-43A1-B052-E981BA910E3A}.Debug|iPhone.ActiveCfg = Debug|Any CPU
		{EB582467-6ABB-43A1-B052-E981BA910E3A}.Debug|iPhone.Build.0 = Debug|Any CPU
		{EB582467-6ABB-43A1-B052-E981BA910E3A}.Debug|iPhoneSimulator.ActiveCfg = Debug|Any CPU
		{EB582467-6ABB-43A1-B052-E981BA910E3A}.Debug|iPhoneSimulator.Build.0 = Debug|Any CPU
		{EB582467-6ABB-43A1-B052-E981BA910E3A}.Debug|Mono.ActiveCfg = Debug|Any CPU
		{EB582467-6ABB-43A1-B052-E981BA910E3A}.Debug|Mono.Build.0 = Debug|Any CPU
		{EB582467-6ABB-43A1-B052-E981BA910E3A}.Debug|x86.ActiveCfg = Debug|Any CPU
		{EB582467-6ABB-43A1-B052-E981BA910E3A}.Debug|x86.Build.0 = Debug|Any CPU
		{EB582467-6ABB-43A1-B052-E981BA910E3A}.Release|Any CPU.ActiveCfg = Release|Any CPU
		{EB582467-6ABB-43A1-B052-E981BA910E3A}.Release|Any CPU.Build.0 = Release|Any CPU
		{EB582467-6ABB-43A1-B052-E981BA910E3A}.Release|iPhone.ActiveCfg = Release|Any CPU
		{EB582467-6ABB-43A1-B052-E981BA910E3A}.Release|iPhone.Build.0 = Release|Any CPU
		{EB582467-6ABB-43A1-B052-E981BA910E3A}.Release|iPhoneSimulator.ActiveCfg = Release|Any CPU
		{EB582467-6ABB-43A1-B052-E981BA910E3A}.Release|iPhoneSimulator.Build.0 = Release|Any CPU
		{EB582467-6ABB-43A1-B052-E981BA910E3A}.Release|Mono.ActiveCfg = Release|Any CPU
		{EB582467-6ABB-43A1-B052-E981BA910E3A}.Release|Mono.Build.0 = Release|Any CPU
		{EB582467-6ABB-43A1-B052-E981BA910E3A}.Release|x86.ActiveCfg = Release|Any CPU
		{EB582467-6ABB-43A1-B052-E981BA910E3A}.Release|x86.Build.0 = Release|Any CPU
		{42472427-4774-4C81-8AFF-9F27B8E31721}.Ad-Hoc|Any CPU.ActiveCfg = Release|Any CPU
		{42472427-4774-4C81-8AFF-9F27B8E31721}.Ad-Hoc|Any CPU.Build.0 = Release|Any CPU
		{42472427-4774-4C81-8AFF-9F27B8E31721}.Ad-Hoc|iPhone.ActiveCfg = Release|Any CPU
		{42472427-4774-4C81-8AFF-9F27B8E31721}.Ad-Hoc|iPhone.Build.0 = Release|Any CPU
		{42472427-4774-4C81-8AFF-9F27B8E31721}.Ad-Hoc|iPhoneSimulator.ActiveCfg = Release|Any CPU
		{42472427-4774-4C81-8AFF-9F27B8E31721}.Ad-Hoc|iPhoneSimulator.Build.0 = Release|Any CPU
		{42472427-4774-4C81-8AFF-9F27B8E31721}.Ad-Hoc|Mono.ActiveCfg = Debug|Any CPU
		{42472427-4774-4C81-8AFF-9F27B8E31721}.Ad-Hoc|x86.ActiveCfg = Debug|Any CPU
		{42472427-4774-4C81-8AFF-9F27B8E31721}.Ad-Hoc|x86.Build.0 = Debug|Any CPU
		{42472427-4774-4C81-8AFF-9F27B8E31721}.AppStore|Any CPU.ActiveCfg = Release|Any CPU
		{42472427-4774-4C81-8AFF-9F27B8E31721}.AppStore|Any CPU.Build.0 = Release|Any CPU
		{42472427-4774-4C81-8AFF-9F27B8E31721}.AppStore|iPhone.ActiveCfg = Release|Any CPU
		{42472427-4774-4C81-8AFF-9F27B8E31721}.AppStore|iPhone.Build.0 = Release|Any CPU
		{42472427-4774-4C81-8AFF-9F27B8E31721}.AppStore|iPhoneSimulator.ActiveCfg = Release|Any CPU
		{42472427-4774-4C81-8AFF-9F27B8E31721}.AppStore|iPhoneSimulator.Build.0 = Release|Any CPU
		{42472427-4774-4C81-8AFF-9F27B8E31721}.AppStore|Mono.ActiveCfg = Debug|Any CPU
		{42472427-4774-4C81-8AFF-9F27B8E31721}.AppStore|x86.ActiveCfg = Debug|Any CPU
		{42472427-4774-4C81-8AFF-9F27B8E31721}.AppStore|x86.Build.0 = Debug|Any CPU
		{42472427-4774-4C81-8AFF-9F27B8E31721}.Debug|Any CPU.ActiveCfg = Debug|Any CPU
		{42472427-4774-4C81-8AFF-9F27B8E31721}.Debug|Any CPU.Build.0 = Debug|Any CPU
		{42472427-4774-4C81-8AFF-9F27B8E31721}.Debug|iPhone.ActiveCfg = Debug|Any CPU
		{42472427-4774-4C81-8AFF-9F27B8E31721}.Debug|iPhone.Build.0 = Debug|Any CPU
		{42472427-4774-4C81-8AFF-9F27B8E31721}.Debug|iPhoneSimulator.ActiveCfg = Debug|Any CPU
		{42472427-4774-4C81-8AFF-9F27B8E31721}.Debug|iPhoneSimulator.Build.0 = Debug|Any CPU
		{42472427-4774-4C81-8AFF-9F27B8E31721}.Debug|Mono.ActiveCfg = Debug|Any CPU
		{42472427-4774-4C81-8AFF-9F27B8E31721}.Debug|Mono.Build.0 = Debug|Any CPU
		{42472427-4774-4C81-8AFF-9F27B8E31721}.Debug|x86.ActiveCfg = Debug|Any CPU
		{42472427-4774-4C81-8AFF-9F27B8E31721}.Debug|x86.Build.0 = Debug|Any CPU
		{42472427-4774-4C81-8AFF-9F27B8E31721}.Release|Any CPU.ActiveCfg = Release|Any CPU
		{42472427-4774-4C81-8AFF-9F27B8E31721}.Release|Any CPU.Build.0 = Release|Any CPU
		{42472427-4774-4C81-8AFF-9F27B8E31721}.Release|iPhone.ActiveCfg = Release|Any CPU
		{42472427-4774-4C81-8AFF-9F27B8E31721}.Release|iPhone.Build.0 = Release|Any CPU
		{42472427-4774-4C81-8AFF-9F27B8E31721}.Release|iPhoneSimulator.ActiveCfg = Release|Any CPU
		{42472427-4774-4C81-8AFF-9F27B8E31721}.Release|iPhoneSimulator.Build.0 = Release|Any CPU
		{42472427-4774-4C81-8AFF-9F27B8E31721}.Release|Mono.ActiveCfg = Release|Any CPU
		{42472427-4774-4C81-8AFF-9F27B8E31721}.Release|Mono.Build.0 = Release|Any CPU
		{42472427-4774-4C81-8AFF-9F27B8E31721}.Release|x86.ActiveCfg = Release|Any CPU
		{42472427-4774-4C81-8AFF-9F27B8E31721}.Release|x86.Build.0 = Release|Any CPU
		{811A76CF-1CF6-440F-963B-BBE31BD72A82}.Ad-Hoc|Any CPU.ActiveCfg = Release|Any CPU
		{811A76CF-1CF6-440F-963B-BBE31BD72A82}.Ad-Hoc|Any CPU.Build.0 = Release|Any CPU
		{811A76CF-1CF6-440F-963B-BBE31BD72A82}.Ad-Hoc|iPhone.ActiveCfg = Release|Any CPU
		{811A76CF-1CF6-440F-963B-BBE31BD72A82}.Ad-Hoc|iPhone.Build.0 = Release|Any CPU
		{811A76CF-1CF6-440F-963B-BBE31BD72A82}.Ad-Hoc|iPhoneSimulator.ActiveCfg = Release|Any CPU
		{811A76CF-1CF6-440F-963B-BBE31BD72A82}.Ad-Hoc|iPhoneSimulator.Build.0 = Release|Any CPU
		{811A76CF-1CF6-440F-963B-BBE31BD72A82}.Ad-Hoc|Mono.ActiveCfg = Debug|Any CPU
		{811A76CF-1CF6-440F-963B-BBE31BD72A82}.Ad-Hoc|x86.ActiveCfg = Debug|Any CPU
		{811A76CF-1CF6-440F-963B-BBE31BD72A82}.Ad-Hoc|x86.Build.0 = Debug|Any CPU
		{811A76CF-1CF6-440F-963B-BBE31BD72A82}.AppStore|Any CPU.ActiveCfg = Release|Any CPU
		{811A76CF-1CF6-440F-963B-BBE31BD72A82}.AppStore|Any CPU.Build.0 = Release|Any CPU
		{811A76CF-1CF6-440F-963B-BBE31BD72A82}.AppStore|iPhone.ActiveCfg = Release|Any CPU
		{811A76CF-1CF6-440F-963B-BBE31BD72A82}.AppStore|iPhone.Build.0 = Release|Any CPU
		{811A76CF-1CF6-440F-963B-BBE31BD72A82}.AppStore|iPhoneSimulator.ActiveCfg = Release|Any CPU
		{811A76CF-1CF6-440F-963B-BBE31BD72A82}.AppStore|iPhoneSimulator.Build.0 = Release|Any CPU
		{811A76CF-1CF6-440F-963B-BBE31BD72A82}.AppStore|Mono.ActiveCfg = Debug|Any CPU
		{811A76CF-1CF6-440F-963B-BBE31BD72A82}.AppStore|x86.ActiveCfg = Debug|Any CPU
		{811A76CF-1CF6-440F-963B-BBE31BD72A82}.AppStore|x86.Build.0 = Debug|Any CPU
		{811A76CF-1CF6-440F-963B-BBE31BD72A82}.Debug|Any CPU.ActiveCfg = Debug|Any CPU
		{811A76CF-1CF6-440F-963B-BBE31BD72A82}.Debug|Any CPU.Build.0 = Debug|Any CPU
		{811A76CF-1CF6-440F-963B-BBE31BD72A82}.Debug|iPhone.ActiveCfg = Debug|Any CPU
		{811A76CF-1CF6-440F-963B-BBE31BD72A82}.Debug|iPhone.Build.0 = Debug|Any CPU
		{811A76CF-1CF6-440F-963B-BBE31BD72A82}.Debug|iPhoneSimulator.ActiveCfg = Debug|Any CPU
		{811A76CF-1CF6-440F-963B-BBE31BD72A82}.Debug|iPhoneSimulator.Build.0 = Debug|Any CPU
		{811A76CF-1CF6-440F-963B-BBE31BD72A82}.Debug|Mono.ActiveCfg = Debug|Any CPU
		{811A76CF-1CF6-440F-963B-BBE31BD72A82}.Debug|x86.ActiveCfg = Debug|Any CPU
		{811A76CF-1CF6-440F-963B-BBE31BD72A82}.Debug|x86.Build.0 = Debug|Any CPU
		{811A76CF-1CF6-440F-963B-BBE31BD72A82}.Release|Any CPU.ActiveCfg = Release|Any CPU
		{811A76CF-1CF6-440F-963B-BBE31BD72A82}.Release|Any CPU.Build.0 = Release|Any CPU
		{811A76CF-1CF6-440F-963B-BBE31BD72A82}.Release|iPhone.ActiveCfg = Release|Any CPU
		{811A76CF-1CF6-440F-963B-BBE31BD72A82}.Release|iPhone.Build.0 = Release|Any CPU
		{811A76CF-1CF6-440F-963B-BBE31BD72A82}.Release|iPhoneSimulator.ActiveCfg = Release|Any CPU
		{811A76CF-1CF6-440F-963B-BBE31BD72A82}.Release|iPhoneSimulator.Build.0 = Release|Any CPU
		{811A76CF-1CF6-440F-963B-BBE31BD72A82}.Release|Mono.ActiveCfg = Release|Any CPU
		{811A76CF-1CF6-440F-963B-BBE31BD72A82}.Release|x86.ActiveCfg = Release|Any CPU
		{811A76CF-1CF6-440F-963B-BBE31BD72A82}.Release|x86.Build.0 = Release|Any CPU
		{3E908F67-5543-4879-A1DC-08EACE79B3CD}.Ad-Hoc|Any CPU.ActiveCfg = Release|Any CPU
		{3E908F67-5543-4879-A1DC-08EACE79B3CD}.Ad-Hoc|Any CPU.Build.0 = Release|Any CPU
		{3E908F67-5543-4879-A1DC-08EACE79B3CD}.Ad-Hoc|iPhone.ActiveCfg = Release|Any CPU
		{3E908F67-5543-4879-A1DC-08EACE79B3CD}.Ad-Hoc|iPhone.Build.0 = Release|Any CPU
		{3E908F67-5543-4879-A1DC-08EACE79B3CD}.Ad-Hoc|iPhoneSimulator.ActiveCfg = Release|Any CPU
		{3E908F67-5543-4879-A1DC-08EACE79B3CD}.Ad-Hoc|iPhoneSimulator.Build.0 = Release|Any CPU
		{3E908F67-5543-4879-A1DC-08EACE79B3CD}.Ad-Hoc|Mono.ActiveCfg = Debug|Any CPU
		{3E908F67-5543-4879-A1DC-08EACE79B3CD}.Ad-Hoc|x86.ActiveCfg = Debug|Any CPU
		{3E908F67-5543-4879-A1DC-08EACE79B3CD}.Ad-Hoc|x86.Build.0 = Debug|Any CPU
		{3E908F67-5543-4879-A1DC-08EACE79B3CD}.AppStore|Any CPU.ActiveCfg = Release|Any CPU
		{3E908F67-5543-4879-A1DC-08EACE79B3CD}.AppStore|Any CPU.Build.0 = Release|Any CPU
		{3E908F67-5543-4879-A1DC-08EACE79B3CD}.AppStore|iPhone.ActiveCfg = Release|Any CPU
		{3E908F67-5543-4879-A1DC-08EACE79B3CD}.AppStore|iPhone.Build.0 = Release|Any CPU
		{3E908F67-5543-4879-A1DC-08EACE79B3CD}.AppStore|iPhoneSimulator.ActiveCfg = Release|Any CPU
		{3E908F67-5543-4879-A1DC-08EACE79B3CD}.AppStore|iPhoneSimulator.Build.0 = Release|Any CPU
		{3E908F67-5543-4879-A1DC-08EACE79B3CD}.AppStore|Mono.ActiveCfg = Debug|Any CPU
		{3E908F67-5543-4879-A1DC-08EACE79B3CD}.AppStore|x86.ActiveCfg = Debug|Any CPU
		{3E908F67-5543-4879-A1DC-08EACE79B3CD}.AppStore|x86.Build.0 = Debug|Any CPU
		{3E908F67-5543-4879-A1DC-08EACE79B3CD}.Debug|Any CPU.ActiveCfg = Debug|Any CPU
		{3E908F67-5543-4879-A1DC-08EACE79B3CD}.Debug|Any CPU.Build.0 = Debug|Any CPU
		{3E908F67-5543-4879-A1DC-08EACE79B3CD}.Debug|iPhone.ActiveCfg = Debug|Any CPU
		{3E908F67-5543-4879-A1DC-08EACE79B3CD}.Debug|iPhone.Build.0 = Debug|Any CPU
		{3E908F67-5543-4879-A1DC-08EACE79B3CD}.Debug|iPhoneSimulator.ActiveCfg = Debug|Any CPU
		{3E908F67-5543-4879-A1DC-08EACE79B3CD}.Debug|iPhoneSimulator.Build.0 = Debug|Any CPU
		{3E908F67-5543-4879-A1DC-08EACE79B3CD}.Debug|Mono.ActiveCfg = Debug|Any CPU
		{3E908F67-5543-4879-A1DC-08EACE79B3CD}.Debug|x86.ActiveCfg = Debug|Any CPU
		{3E908F67-5543-4879-A1DC-08EACE79B3CD}.Debug|x86.Build.0 = Debug|Any CPU
		{3E908F67-5543-4879-A1DC-08EACE79B3CD}.Release|Any CPU.ActiveCfg = Release|Any CPU
		{3E908F67-5543-4879-A1DC-08EACE79B3CD}.Release|Any CPU.Build.0 = Release|Any CPU
		{3E908F67-5543-4879-A1DC-08EACE79B3CD}.Release|iPhone.ActiveCfg = Release|Any CPU
		{3E908F67-5543-4879-A1DC-08EACE79B3CD}.Release|iPhone.Build.0 = Release|Any CPU
		{3E908F67-5543-4879-A1DC-08EACE79B3CD}.Release|iPhoneSimulator.ActiveCfg = Release|Any CPU
		{3E908F67-5543-4879-A1DC-08EACE79B3CD}.Release|iPhoneSimulator.Build.0 = Release|Any CPU
		{3E908F67-5543-4879-A1DC-08EACE79B3CD}.Release|Mono.ActiveCfg = Release|Any CPU
		{3E908F67-5543-4879-A1DC-08EACE79B3CD}.Release|x86.ActiveCfg = Release|Any CPU
		{3E908F67-5543-4879-A1DC-08EACE79B3CD}.Release|x86.Build.0 = Release|Any CPU
		{62024B2D-53EB-4638-B26B-85EEAA54866E}.Ad-Hoc|Any CPU.ActiveCfg = Release|Any CPU
		{62024B2D-53EB-4638-B26B-85EEAA54866E}.Ad-Hoc|Any CPU.Build.0 = Release|Any CPU
		{62024B2D-53EB-4638-B26B-85EEAA54866E}.Ad-Hoc|iPhone.ActiveCfg = Release|Any CPU
		{62024B2D-53EB-4638-B26B-85EEAA54866E}.Ad-Hoc|iPhone.Build.0 = Release|Any CPU
		{62024B2D-53EB-4638-B26B-85EEAA54866E}.Ad-Hoc|iPhoneSimulator.ActiveCfg = Release|Any CPU
		{62024B2D-53EB-4638-B26B-85EEAA54866E}.Ad-Hoc|iPhoneSimulator.Build.0 = Release|Any CPU
		{62024B2D-53EB-4638-B26B-85EEAA54866E}.Ad-Hoc|Mono.ActiveCfg = Debug|Any CPU
		{62024B2D-53EB-4638-B26B-85EEAA54866E}.Ad-Hoc|x86.ActiveCfg = Debug|Any CPU
		{62024B2D-53EB-4638-B26B-85EEAA54866E}.Ad-Hoc|x86.Build.0 = Debug|Any CPU
		{62024B2D-53EB-4638-B26B-85EEAA54866E}.AppStore|Any CPU.ActiveCfg = Release|Any CPU
		{62024B2D-53EB-4638-B26B-85EEAA54866E}.AppStore|Any CPU.Build.0 = Release|Any CPU
		{62024B2D-53EB-4638-B26B-85EEAA54866E}.AppStore|iPhone.ActiveCfg = Release|Any CPU
		{62024B2D-53EB-4638-B26B-85EEAA54866E}.AppStore|iPhone.Build.0 = Release|Any CPU
		{62024B2D-53EB-4638-B26B-85EEAA54866E}.AppStore|iPhoneSimulator.ActiveCfg = Release|Any CPU
		{62024B2D-53EB-4638-B26B-85EEAA54866E}.AppStore|iPhoneSimulator.Build.0 = Release|Any CPU
		{62024B2D-53EB-4638-B26B-85EEAA54866E}.AppStore|Mono.ActiveCfg = Debug|Any CPU
		{62024B2D-53EB-4638-B26B-85EEAA54866E}.AppStore|x86.ActiveCfg = Debug|Any CPU
		{62024B2D-53EB-4638-B26B-85EEAA54866E}.AppStore|x86.Build.0 = Debug|Any CPU
		{62024B2D-53EB-4638-B26B-85EEAA54866E}.Debug|Any CPU.ActiveCfg = Debug|Any CPU
		{62024B2D-53EB-4638-B26B-85EEAA54866E}.Debug|Any CPU.Build.0 = Debug|Any CPU
		{62024B2D-53EB-4638-B26B-85EEAA54866E}.Debug|iPhone.ActiveCfg = Debug|Any CPU
		{62024B2D-53EB-4638-B26B-85EEAA54866E}.Debug|iPhone.Build.0 = Debug|Any CPU
		{62024B2D-53EB-4638-B26B-85EEAA54866E}.Debug|iPhoneSimulator.ActiveCfg = Debug|Any CPU
		{62024B2D-53EB-4638-B26B-85EEAA54866E}.Debug|iPhoneSimulator.Build.0 = Debug|Any CPU
		{62024B2D-53EB-4638-B26B-85EEAA54866E}.Debug|Mono.ActiveCfg = Debug|Any CPU
		{62024B2D-53EB-4638-B26B-85EEAA54866E}.Debug|Mono.Build.0 = Debug|Any CPU
		{62024B2D-53EB-4638-B26B-85EEAA54866E}.Debug|x86.ActiveCfg = Debug|Any CPU
		{62024B2D-53EB-4638-B26B-85EEAA54866E}.Debug|x86.Build.0 = Debug|Any CPU
		{62024B2D-53EB-4638-B26B-85EEAA54866E}.Release|Any CPU.ActiveCfg = Release|Any CPU
		{62024B2D-53EB-4638-B26B-85EEAA54866E}.Release|Any CPU.Build.0 = Release|Any CPU
		{62024B2D-53EB-4638-B26B-85EEAA54866E}.Release|iPhone.ActiveCfg = Release|Any CPU
		{62024B2D-53EB-4638-B26B-85EEAA54866E}.Release|iPhone.Build.0 = Release|Any CPU
		{62024B2D-53EB-4638-B26B-85EEAA54866E}.Release|iPhoneSimulator.ActiveCfg = Release|Any CPU
		{62024B2D-53EB-4638-B26B-85EEAA54866E}.Release|iPhoneSimulator.Build.0 = Release|Any CPU
		{62024B2D-53EB-4638-B26B-85EEAA54866E}.Release|Mono.ActiveCfg = Release|Any CPU
		{62024B2D-53EB-4638-B26B-85EEAA54866E}.Release|Mono.Build.0 = Release|Any CPU
		{62024B2D-53EB-4638-B26B-85EEAA54866E}.Release|x86.ActiveCfg = Release|Any CPU
		{62024B2D-53EB-4638-B26B-85EEAA54866E}.Release|x86.Build.0 = Release|Any CPU
		{6B0ED19D-A08B-461C-A9D9-A9EE40B0C06B}.Ad-Hoc|Any CPU.ActiveCfg = Release|Any CPU
		{6B0ED19D-A08B-461C-A9D9-A9EE40B0C06B}.Ad-Hoc|Any CPU.Build.0 = Release|Any CPU
		{6B0ED19D-A08B-461C-A9D9-A9EE40B0C06B}.Ad-Hoc|iPhone.ActiveCfg = Release|Any CPU
		{6B0ED19D-A08B-461C-A9D9-A9EE40B0C06B}.Ad-Hoc|iPhone.Build.0 = Release|Any CPU
		{6B0ED19D-A08B-461C-A9D9-A9EE40B0C06B}.Ad-Hoc|iPhoneSimulator.ActiveCfg = Release|Any CPU
		{6B0ED19D-A08B-461C-A9D9-A9EE40B0C06B}.Ad-Hoc|iPhoneSimulator.Build.0 = Release|Any CPU
		{6B0ED19D-A08B-461C-A9D9-A9EE40B0C06B}.Ad-Hoc|Mono.ActiveCfg = Debug|Any CPU
		{6B0ED19D-A08B-461C-A9D9-A9EE40B0C06B}.Ad-Hoc|x86.ActiveCfg = Debug|Any CPU
		{6B0ED19D-A08B-461C-A9D9-A9EE40B0C06B}.Ad-Hoc|x86.Build.0 = Debug|Any CPU
		{6B0ED19D-A08B-461C-A9D9-A9EE40B0C06B}.AppStore|Any CPU.ActiveCfg = Release|Any CPU
		{6B0ED19D-A08B-461C-A9D9-A9EE40B0C06B}.AppStore|Any CPU.Build.0 = Release|Any CPU
		{6B0ED19D-A08B-461C-A9D9-A9EE40B0C06B}.AppStore|iPhone.ActiveCfg = Release|Any CPU
		{6B0ED19D-A08B-461C-A9D9-A9EE40B0C06B}.AppStore|iPhone.Build.0 = Release|Any CPU
		{6B0ED19D-A08B-461C-A9D9-A9EE40B0C06B}.AppStore|iPhoneSimulator.ActiveCfg = Release|Any CPU
		{6B0ED19D-A08B-461C-A9D9-A9EE40B0C06B}.AppStore|iPhoneSimulator.Build.0 = Release|Any CPU
		{6B0ED19D-A08B-461C-A9D9-A9EE40B0C06B}.AppStore|Mono.ActiveCfg = Debug|Any CPU
		{6B0ED19D-A08B-461C-A9D9-A9EE40B0C06B}.AppStore|x86.ActiveCfg = Debug|Any CPU
		{6B0ED19D-A08B-461C-A9D9-A9EE40B0C06B}.AppStore|x86.Build.0 = Debug|Any CPU
		{6B0ED19D-A08B-461C-A9D9-A9EE40B0C06B}.Debug|Any CPU.ActiveCfg = Debug|Any CPU
		{6B0ED19D-A08B-461C-A9D9-A9EE40B0C06B}.Debug|Any CPU.Build.0 = Debug|Any CPU
		{6B0ED19D-A08B-461C-A9D9-A9EE40B0C06B}.Debug|iPhone.ActiveCfg = Debug|Any CPU
		{6B0ED19D-A08B-461C-A9D9-A9EE40B0C06B}.Debug|iPhone.Build.0 = Debug|Any CPU
		{6B0ED19D-A08B-461C-A9D9-A9EE40B0C06B}.Debug|iPhoneSimulator.ActiveCfg = Debug|Any CPU
		{6B0ED19D-A08B-461C-A9D9-A9EE40B0C06B}.Debug|iPhoneSimulator.Build.0 = Debug|Any CPU
		{6B0ED19D-A08B-461C-A9D9-A9EE40B0C06B}.Debug|Mono.ActiveCfg = Debug|Any CPU
		{6B0ED19D-A08B-461C-A9D9-A9EE40B0C06B}.Debug|Mono.Build.0 = Debug|Any CPU
		{6B0ED19D-A08B-461C-A9D9-A9EE40B0C06B}.Debug|x86.ActiveCfg = Debug|Any CPU
		{6B0ED19D-A08B-461C-A9D9-A9EE40B0C06B}.Debug|x86.Build.0 = Debug|Any CPU
		{6B0ED19D-A08B-461C-A9D9-A9EE40B0C06B}.Release|Any CPU.ActiveCfg = Release|Any CPU
		{6B0ED19D-A08B-461C-A9D9-A9EE40B0C06B}.Release|Any CPU.Build.0 = Release|Any CPU
		{6B0ED19D-A08B-461C-A9D9-A9EE40B0C06B}.Release|iPhone.ActiveCfg = Release|Any CPU
		{6B0ED19D-A08B-461C-A9D9-A9EE40B0C06B}.Release|iPhone.Build.0 = Release|Any CPU
		{6B0ED19D-A08B-461C-A9D9-A9EE40B0C06B}.Release|iPhoneSimulator.ActiveCfg = Release|Any CPU
		{6B0ED19D-A08B-461C-A9D9-A9EE40B0C06B}.Release|iPhoneSimulator.Build.0 = Release|Any CPU
		{6B0ED19D-A08B-461C-A9D9-A9EE40B0C06B}.Release|Mono.ActiveCfg = Release|Any CPU
		{6B0ED19D-A08B-461C-A9D9-A9EE40B0C06B}.Release|Mono.Build.0 = Release|Any CPU
		{6B0ED19D-A08B-461C-A9D9-A9EE40B0C06B}.Release|x86.ActiveCfg = Release|Any CPU
		{6B0ED19D-A08B-461C-A9D9-A9EE40B0C06B}.Release|x86.Build.0 = Release|Any CPU
		{D2221C82-4A25-4583-9B43-D791E3F6820C}.Ad-Hoc|Any CPU.ActiveCfg = Release|Any CPU
		{D2221C82-4A25-4583-9B43-D791E3F6820C}.Ad-Hoc|Any CPU.Build.0 = Release|Any CPU
		{D2221C82-4A25-4583-9B43-D791E3F6820C}.Ad-Hoc|iPhone.ActiveCfg = Release|Any CPU
		{D2221C82-4A25-4583-9B43-D791E3F6820C}.Ad-Hoc|iPhone.Build.0 = Release|Any CPU
		{D2221C82-4A25-4583-9B43-D791E3F6820C}.Ad-Hoc|iPhoneSimulator.ActiveCfg = Release|Any CPU
		{D2221C82-4A25-4583-9B43-D791E3F6820C}.Ad-Hoc|iPhoneSimulator.Build.0 = Release|Any CPU
		{D2221C82-4A25-4583-9B43-D791E3F6820C}.Ad-Hoc|Mono.ActiveCfg = Debug|Any CPU
		{D2221C82-4A25-4583-9B43-D791E3F6820C}.Ad-Hoc|x86.ActiveCfg = Debug|Any CPU
		{D2221C82-4A25-4583-9B43-D791E3F6820C}.Ad-Hoc|x86.Build.0 = Debug|Any CPU
		{D2221C82-4A25-4583-9B43-D791E3F6820C}.AppStore|Any CPU.ActiveCfg = Release|Any CPU
		{D2221C82-4A25-4583-9B43-D791E3F6820C}.AppStore|Any CPU.Build.0 = Release|Any CPU
		{D2221C82-4A25-4583-9B43-D791E3F6820C}.AppStore|iPhone.ActiveCfg = Release|Any CPU
		{D2221C82-4A25-4583-9B43-D791E3F6820C}.AppStore|iPhone.Build.0 = Release|Any CPU
		{D2221C82-4A25-4583-9B43-D791E3F6820C}.AppStore|iPhoneSimulator.ActiveCfg = Release|Any CPU
		{D2221C82-4A25-4583-9B43-D791E3F6820C}.AppStore|iPhoneSimulator.Build.0 = Release|Any CPU
		{D2221C82-4A25-4583-9B43-D791E3F6820C}.AppStore|Mono.ActiveCfg = Debug|Any CPU
		{D2221C82-4A25-4583-9B43-D791E3F6820C}.AppStore|x86.ActiveCfg = Debug|Any CPU
		{D2221C82-4A25-4583-9B43-D791E3F6820C}.AppStore|x86.Build.0 = Debug|Any CPU
		{D2221C82-4A25-4583-9B43-D791E3F6820C}.Debug|Any CPU.ActiveCfg = Debug|Any CPU
		{D2221C82-4A25-4583-9B43-D791E3F6820C}.Debug|Any CPU.Build.0 = Debug|Any CPU
		{D2221C82-4A25-4583-9B43-D791E3F6820C}.Debug|iPhone.ActiveCfg = Debug|Any CPU
		{D2221C82-4A25-4583-9B43-D791E3F6820C}.Debug|iPhone.Build.0 = Debug|Any CPU
		{D2221C82-4A25-4583-9B43-D791E3F6820C}.Debug|iPhoneSimulator.ActiveCfg = Debug|Any CPU
		{D2221C82-4A25-4583-9B43-D791E3F6820C}.Debug|iPhoneSimulator.Build.0 = Debug|Any CPU
		{D2221C82-4A25-4583-9B43-D791E3F6820C}.Debug|Mono.ActiveCfg = Debug|Any CPU
		{D2221C82-4A25-4583-9B43-D791E3F6820C}.Debug|Mono.Build.0 = Debug|Any CPU
		{D2221C82-4A25-4583-9B43-D791E3F6820C}.Debug|x86.ActiveCfg = Debug|Any CPU
		{D2221C82-4A25-4583-9B43-D791E3F6820C}.Debug|x86.Build.0 = Debug|Any CPU
		{D2221C82-4A25-4583-9B43-D791E3F6820C}.Release|Any CPU.ActiveCfg = Release|Any CPU
		{D2221C82-4A25-4583-9B43-D791E3F6820C}.Release|Any CPU.Build.0 = Release|Any CPU
		{D2221C82-4A25-4583-9B43-D791E3F6820C}.Release|iPhone.ActiveCfg = Release|Any CPU
		{D2221C82-4A25-4583-9B43-D791E3F6820C}.Release|iPhone.Build.0 = Release|Any CPU
		{D2221C82-4A25-4583-9B43-D791E3F6820C}.Release|iPhoneSimulator.ActiveCfg = Release|Any CPU
		{D2221C82-4A25-4583-9B43-D791E3F6820C}.Release|iPhoneSimulator.Build.0 = Release|Any CPU
		{D2221C82-4A25-4583-9B43-D791E3F6820C}.Release|Mono.ActiveCfg = Release|Any CPU
		{D2221C82-4A25-4583-9B43-D791E3F6820C}.Release|Mono.Build.0 = Release|Any CPU
		{D2221C82-4A25-4583-9B43-D791E3F6820C}.Release|x86.ActiveCfg = Release|Any CPU
		{D2221C82-4A25-4583-9B43-D791E3F6820C}.Release|x86.Build.0 = Release|Any CPU
		{F1BAA01A-F176-4C6A-B39D-5B40BB1B148F}.Ad-Hoc|Any CPU.ActiveCfg = Release|Any CPU
		{F1BAA01A-F176-4C6A-B39D-5B40BB1B148F}.Ad-Hoc|Any CPU.Build.0 = Release|Any CPU
		{F1BAA01A-F176-4C6A-B39D-5B40BB1B148F}.Ad-Hoc|iPhone.ActiveCfg = Release|Any CPU
		{F1BAA01A-F176-4C6A-B39D-5B40BB1B148F}.Ad-Hoc|iPhone.Build.0 = Release|Any CPU
		{F1BAA01A-F176-4C6A-B39D-5B40BB1B148F}.Ad-Hoc|iPhoneSimulator.ActiveCfg = Release|Any CPU
		{F1BAA01A-F176-4C6A-B39D-5B40BB1B148F}.Ad-Hoc|iPhoneSimulator.Build.0 = Release|Any CPU
		{F1BAA01A-F176-4C6A-B39D-5B40BB1B148F}.Ad-Hoc|Mono.ActiveCfg = Debug|Any CPU
		{F1BAA01A-F176-4C6A-B39D-5B40BB1B148F}.Ad-Hoc|x86.ActiveCfg = Debug|Any CPU
		{F1BAA01A-F176-4C6A-B39D-5B40BB1B148F}.Ad-Hoc|x86.Build.0 = Debug|Any CPU
		{F1BAA01A-F176-4C6A-B39D-5B40BB1B148F}.AppStore|Any CPU.ActiveCfg = Release|Any CPU
		{F1BAA01A-F176-4C6A-B39D-5B40BB1B148F}.AppStore|Any CPU.Build.0 = Release|Any CPU
		{F1BAA01A-F176-4C6A-B39D-5B40BB1B148F}.AppStore|iPhone.ActiveCfg = Release|Any CPU
		{F1BAA01A-F176-4C6A-B39D-5B40BB1B148F}.AppStore|iPhone.Build.0 = Release|Any CPU
		{F1BAA01A-F176-4C6A-B39D-5B40BB1B148F}.AppStore|iPhoneSimulator.ActiveCfg = Release|Any CPU
		{F1BAA01A-F176-4C6A-B39D-5B40BB1B148F}.AppStore|iPhoneSimulator.Build.0 = Release|Any CPU
		{F1BAA01A-F176-4C6A-B39D-5B40BB1B148F}.AppStore|Mono.ActiveCfg = Debug|Any CPU
		{F1BAA01A-F176-4C6A-B39D-5B40BB1B148F}.AppStore|x86.ActiveCfg = Debug|Any CPU
		{F1BAA01A-F176-4C6A-B39D-5B40BB1B148F}.AppStore|x86.Build.0 = Debug|Any CPU
		{F1BAA01A-F176-4C6A-B39D-5B40BB1B148F}.Debug|Any CPU.ActiveCfg = Debug|Any CPU
		{F1BAA01A-F176-4C6A-B39D-5B40BB1B148F}.Debug|Any CPU.Build.0 = Debug|Any CPU
		{F1BAA01A-F176-4C6A-B39D-5B40BB1B148F}.Debug|iPhone.ActiveCfg = Debug|Any CPU
		{F1BAA01A-F176-4C6A-B39D-5B40BB1B148F}.Debug|iPhone.Build.0 = Debug|Any CPU
		{F1BAA01A-F176-4C6A-B39D-5B40BB1B148F}.Debug|iPhoneSimulator.ActiveCfg = Debug|Any CPU
		{F1BAA01A-F176-4C6A-B39D-5B40BB1B148F}.Debug|iPhoneSimulator.Build.0 = Debug|Any CPU
		{F1BAA01A-F176-4C6A-B39D-5B40BB1B148F}.Debug|Mono.ActiveCfg = Debug|Any CPU
		{F1BAA01A-F176-4C6A-B39D-5B40BB1B148F}.Debug|Mono.Build.0 = Debug|Any CPU
		{F1BAA01A-F176-4C6A-B39D-5B40BB1B148F}.Debug|x86.ActiveCfg = Debug|Any CPU
		{F1BAA01A-F176-4C6A-B39D-5B40BB1B148F}.Debug|x86.Build.0 = Debug|Any CPU
		{F1BAA01A-F176-4C6A-B39D-5B40BB1B148F}.Release|Any CPU.ActiveCfg = Release|Any CPU
		{F1BAA01A-F176-4C6A-B39D-5B40BB1B148F}.Release|Any CPU.Build.0 = Release|Any CPU
		{F1BAA01A-F176-4C6A-B39D-5B40BB1B148F}.Release|iPhone.ActiveCfg = Release|Any CPU
		{F1BAA01A-F176-4C6A-B39D-5B40BB1B148F}.Release|iPhone.Build.0 = Release|Any CPU
		{F1BAA01A-F176-4C6A-B39D-5B40BB1B148F}.Release|iPhoneSimulator.ActiveCfg = Release|Any CPU
		{F1BAA01A-F176-4C6A-B39D-5B40BB1B148F}.Release|iPhoneSimulator.Build.0 = Release|Any CPU
		{F1BAA01A-F176-4C6A-B39D-5B40BB1B148F}.Release|Mono.ActiveCfg = Release|Any CPU
		{F1BAA01A-F176-4C6A-B39D-5B40BB1B148F}.Release|Mono.Build.0 = Release|Any CPU
		{F1BAA01A-F176-4C6A-B39D-5B40BB1B148F}.Release|x86.ActiveCfg = Release|Any CPU
		{F1BAA01A-F176-4C6A-B39D-5B40BB1B148F}.Release|x86.Build.0 = Release|Any CPU
		{3E10A5FA-E8DA-48B1-AD44-6A5B6CB7750F}.Ad-Hoc|Any CPU.ActiveCfg = Release|Any CPU
		{3E10A5FA-E8DA-48B1-AD44-6A5B6CB7750F}.Ad-Hoc|Any CPU.Build.0 = Release|Any CPU
		{3E10A5FA-E8DA-48B1-AD44-6A5B6CB7750F}.Ad-Hoc|iPhone.ActiveCfg = Release|Any CPU
		{3E10A5FA-E8DA-48B1-AD44-6A5B6CB7750F}.Ad-Hoc|iPhone.Build.0 = Release|Any CPU
		{3E10A5FA-E8DA-48B1-AD44-6A5B6CB7750F}.Ad-Hoc|iPhoneSimulator.ActiveCfg = Release|Any CPU
		{3E10A5FA-E8DA-48B1-AD44-6A5B6CB7750F}.Ad-Hoc|iPhoneSimulator.Build.0 = Release|Any CPU
		{3E10A5FA-E8DA-48B1-AD44-6A5B6CB7750F}.Ad-Hoc|Mono.ActiveCfg = Debug|Any CPU
		{3E10A5FA-E8DA-48B1-AD44-6A5B6CB7750F}.Ad-Hoc|x86.ActiveCfg = Debug|Any CPU
		{3E10A5FA-E8DA-48B1-AD44-6A5B6CB7750F}.Ad-Hoc|x86.Build.0 = Debug|Any CPU
		{3E10A5FA-E8DA-48B1-AD44-6A5B6CB7750F}.AppStore|Any CPU.ActiveCfg = Release|Any CPU
		{3E10A5FA-E8DA-48B1-AD44-6A5B6CB7750F}.AppStore|Any CPU.Build.0 = Release|Any CPU
		{3E10A5FA-E8DA-48B1-AD44-6A5B6CB7750F}.AppStore|iPhone.ActiveCfg = Release|Any CPU
		{3E10A5FA-E8DA-48B1-AD44-6A5B6CB7750F}.AppStore|iPhone.Build.0 = Release|Any CPU
		{3E10A5FA-E8DA-48B1-AD44-6A5B6CB7750F}.AppStore|iPhoneSimulator.ActiveCfg = Release|Any CPU
		{3E10A5FA-E8DA-48B1-AD44-6A5B6CB7750F}.AppStore|iPhoneSimulator.Build.0 = Release|Any CPU
		{3E10A5FA-E8DA-48B1-AD44-6A5B6CB7750F}.AppStore|Mono.ActiveCfg = Debug|Any CPU
		{3E10A5FA-E8DA-48B1-AD44-6A5B6CB7750F}.AppStore|x86.ActiveCfg = Debug|Any CPU
		{3E10A5FA-E8DA-48B1-AD44-6A5B6CB7750F}.AppStore|x86.Build.0 = Debug|Any CPU
		{3E10A5FA-E8DA-48B1-AD44-6A5B6CB7750F}.Debug|Any CPU.ActiveCfg = Debug|Any CPU
		{3E10A5FA-E8DA-48B1-AD44-6A5B6CB7750F}.Debug|Any CPU.Build.0 = Debug|Any CPU
		{3E10A5FA-E8DA-48B1-AD44-6A5B6CB7750F}.Debug|iPhone.ActiveCfg = Debug|Any CPU
		{3E10A5FA-E8DA-48B1-AD44-6A5B6CB7750F}.Debug|iPhone.Build.0 = Debug|Any CPU
		{3E10A5FA-E8DA-48B1-AD44-6A5B6CB7750F}.Debug|iPhoneSimulator.ActiveCfg = Debug|Any CPU
		{3E10A5FA-E8DA-48B1-AD44-6A5B6CB7750F}.Debug|iPhoneSimulator.Build.0 = Debug|Any CPU
		{3E10A5FA-E8DA-48B1-AD44-6A5B6CB7750F}.Debug|Mono.ActiveCfg = Debug|Any CPU
		{3E10A5FA-E8DA-48B1-AD44-6A5B6CB7750F}.Debug|Mono.Build.0 = Debug|Any CPU
		{3E10A5FA-E8DA-48B1-AD44-6A5B6CB7750F}.Debug|x86.ActiveCfg = Debug|Any CPU
		{3E10A5FA-E8DA-48B1-AD44-6A5B6CB7750F}.Debug|x86.Build.0 = Debug|Any CPU
		{3E10A5FA-E8DA-48B1-AD44-6A5B6CB7750F}.Release|Any CPU.ActiveCfg = Release|Any CPU
		{3E10A5FA-E8DA-48B1-AD44-6A5B6CB7750F}.Release|Any CPU.Build.0 = Release|Any CPU
		{3E10A5FA-E8DA-48B1-AD44-6A5B6CB7750F}.Release|iPhone.ActiveCfg = Release|Any CPU
		{3E10A5FA-E8DA-48B1-AD44-6A5B6CB7750F}.Release|iPhone.Build.0 = Release|Any CPU
		{3E10A5FA-E8DA-48B1-AD44-6A5B6CB7750F}.Release|iPhoneSimulator.ActiveCfg = Release|Any CPU
		{3E10A5FA-E8DA-48B1-AD44-6A5B6CB7750F}.Release|iPhoneSimulator.Build.0 = Release|Any CPU
		{3E10A5FA-E8DA-48B1-AD44-6A5B6CB7750F}.Release|Mono.ActiveCfg = Release|Any CPU
		{3E10A5FA-E8DA-48B1-AD44-6A5B6CB7750F}.Release|Mono.Build.0 = Release|Any CPU
		{3E10A5FA-E8DA-48B1-AD44-6A5B6CB7750F}.Release|x86.ActiveCfg = Release|Any CPU
		{3E10A5FA-E8DA-48B1-AD44-6A5B6CB7750F}.Release|x86.Build.0 = Release|Any CPU
		{D211E587-D8BC-45B9-95A4-F297C8FA5200}.Ad-Hoc|Any CPU.ActiveCfg = Release|Any CPU
		{D211E587-D8BC-45B9-95A4-F297C8FA5200}.Ad-Hoc|Any CPU.Build.0 = Release|Any CPU
		{D211E587-D8BC-45B9-95A4-F297C8FA5200}.Ad-Hoc|iPhone.ActiveCfg = Release|Any CPU
		{D211E587-D8BC-45B9-95A4-F297C8FA5200}.Ad-Hoc|iPhone.Build.0 = Release|Any CPU
		{D211E587-D8BC-45B9-95A4-F297C8FA5200}.Ad-Hoc|iPhoneSimulator.ActiveCfg = Release|Any CPU
		{D211E587-D8BC-45B9-95A4-F297C8FA5200}.Ad-Hoc|iPhoneSimulator.Build.0 = Release|Any CPU
		{D211E587-D8BC-45B9-95A4-F297C8FA5200}.Ad-Hoc|Mono.ActiveCfg = Debug|Any CPU
		{D211E587-D8BC-45B9-95A4-F297C8FA5200}.Ad-Hoc|x86.ActiveCfg = Debug|Any CPU
		{D211E587-D8BC-45B9-95A4-F297C8FA5200}.Ad-Hoc|x86.Build.0 = Debug|Any CPU
		{D211E587-D8BC-45B9-95A4-F297C8FA5200}.AppStore|Any CPU.ActiveCfg = Release|Any CPU
		{D211E587-D8BC-45B9-95A4-F297C8FA5200}.AppStore|Any CPU.Build.0 = Release|Any CPU
		{D211E587-D8BC-45B9-95A4-F297C8FA5200}.AppStore|iPhone.ActiveCfg = Release|Any CPU
		{D211E587-D8BC-45B9-95A4-F297C8FA5200}.AppStore|iPhone.Build.0 = Release|Any CPU
		{D211E587-D8BC-45B9-95A4-F297C8FA5200}.AppStore|iPhoneSimulator.ActiveCfg = Release|Any CPU
		{D211E587-D8BC-45B9-95A4-F297C8FA5200}.AppStore|iPhoneSimulator.Build.0 = Release|Any CPU
		{D211E587-D8BC-45B9-95A4-F297C8FA5200}.AppStore|Mono.ActiveCfg = Debug|Any CPU
		{D211E587-D8BC-45B9-95A4-F297C8FA5200}.AppStore|x86.ActiveCfg = Debug|Any CPU
		{D211E587-D8BC-45B9-95A4-F297C8FA5200}.AppStore|x86.Build.0 = Debug|Any CPU
		{D211E587-D8BC-45B9-95A4-F297C8FA5200}.Debug|Any CPU.ActiveCfg = Debug|Any CPU
		{D211E587-D8BC-45B9-95A4-F297C8FA5200}.Debug|Any CPU.Build.0 = Debug|Any CPU
		{D211E587-D8BC-45B9-95A4-F297C8FA5200}.Debug|iPhone.ActiveCfg = Debug|Any CPU
		{D211E587-D8BC-45B9-95A4-F297C8FA5200}.Debug|iPhone.Build.0 = Debug|Any CPU
		{D211E587-D8BC-45B9-95A4-F297C8FA5200}.Debug|iPhoneSimulator.ActiveCfg = Debug|Any CPU
		{D211E587-D8BC-45B9-95A4-F297C8FA5200}.Debug|iPhoneSimulator.Build.0 = Debug|Any CPU
		{D211E587-D8BC-45B9-95A4-F297C8FA5200}.Debug|Mono.ActiveCfg = Debug|Any CPU
		{D211E587-D8BC-45B9-95A4-F297C8FA5200}.Debug|Mono.Build.0 = Debug|Any CPU
		{D211E587-D8BC-45B9-95A4-F297C8FA5200}.Debug|x86.ActiveCfg = Debug|Any CPU
		{D211E587-D8BC-45B9-95A4-F297C8FA5200}.Debug|x86.Build.0 = Debug|Any CPU
		{D211E587-D8BC-45B9-95A4-F297C8FA5200}.Release|Any CPU.ActiveCfg = Release|Any CPU
		{D211E587-D8BC-45B9-95A4-F297C8FA5200}.Release|Any CPU.Build.0 = Release|Any CPU
		{D211E587-D8BC-45B9-95A4-F297C8FA5200}.Release|iPhone.ActiveCfg = Release|Any CPU
		{D211E587-D8BC-45B9-95A4-F297C8FA5200}.Release|iPhone.Build.0 = Release|Any CPU
		{D211E587-D8BC-45B9-95A4-F297C8FA5200}.Release|iPhoneSimulator.ActiveCfg = Release|Any CPU
		{D211E587-D8BC-45B9-95A4-F297C8FA5200}.Release|iPhoneSimulator.Build.0 = Release|Any CPU
		{D211E587-D8BC-45B9-95A4-F297C8FA5200}.Release|Mono.ActiveCfg = Release|Any CPU
		{D211E587-D8BC-45B9-95A4-F297C8FA5200}.Release|Mono.Build.0 = Release|Any CPU
		{D211E587-D8BC-45B9-95A4-F297C8FA5200}.Release|x86.ActiveCfg = Release|Any CPU
		{D211E587-D8BC-45B9-95A4-F297C8FA5200}.Release|x86.Build.0 = Release|Any CPU
		{6417B24E-49C2-4985-8DB2-3AB9D898EC91}.Ad-Hoc|Any CPU.ActiveCfg = Release|Any CPU
		{6417B24E-49C2-4985-8DB2-3AB9D898EC91}.Ad-Hoc|Any CPU.Build.0 = Release|Any CPU
		{6417B24E-49C2-4985-8DB2-3AB9D898EC91}.Ad-Hoc|iPhone.ActiveCfg = Release|Any CPU
		{6417B24E-49C2-4985-8DB2-3AB9D898EC91}.Ad-Hoc|iPhone.Build.0 = Release|Any CPU
		{6417B24E-49C2-4985-8DB2-3AB9D898EC91}.Ad-Hoc|iPhoneSimulator.ActiveCfg = Release|Any CPU
		{6417B24E-49C2-4985-8DB2-3AB9D898EC91}.Ad-Hoc|iPhoneSimulator.Build.0 = Release|Any CPU
		{6417B24E-49C2-4985-8DB2-3AB9D898EC91}.Ad-Hoc|Mono.ActiveCfg = Debug|Any CPU
		{6417B24E-49C2-4985-8DB2-3AB9D898EC91}.Ad-Hoc|x86.ActiveCfg = Debug|Any CPU
		{6417B24E-49C2-4985-8DB2-3AB9D898EC91}.Ad-Hoc|x86.Build.0 = Debug|Any CPU
		{6417B24E-49C2-4985-8DB2-3AB9D898EC91}.AppStore|Any CPU.ActiveCfg = Release|Any CPU
		{6417B24E-49C2-4985-8DB2-3AB9D898EC91}.AppStore|Any CPU.Build.0 = Release|Any CPU
		{6417B24E-49C2-4985-8DB2-3AB9D898EC91}.AppStore|iPhone.ActiveCfg = Release|Any CPU
		{6417B24E-49C2-4985-8DB2-3AB9D898EC91}.AppStore|iPhone.Build.0 = Release|Any CPU
		{6417B24E-49C2-4985-8DB2-3AB9D898EC91}.AppStore|iPhoneSimulator.ActiveCfg = Release|Any CPU
		{6417B24E-49C2-4985-8DB2-3AB9D898EC91}.AppStore|iPhoneSimulator.Build.0 = Release|Any CPU
		{6417B24E-49C2-4985-8DB2-3AB9D898EC91}.AppStore|Mono.ActiveCfg = Debug|Any CPU
		{6417B24E-49C2-4985-8DB2-3AB9D898EC91}.AppStore|x86.ActiveCfg = Debug|Any CPU
		{6417B24E-49C2-4985-8DB2-3AB9D898EC91}.AppStore|x86.Build.0 = Debug|Any CPU
		{6417B24E-49C2-4985-8DB2-3AB9D898EC91}.Debug|Any CPU.ActiveCfg = Debug|Any CPU
		{6417B24E-49C2-4985-8DB2-3AB9D898EC91}.Debug|Any CPU.Build.0 = Debug|Any CPU
		{6417B24E-49C2-4985-8DB2-3AB9D898EC91}.Debug|iPhone.ActiveCfg = Debug|Any CPU
		{6417B24E-49C2-4985-8DB2-3AB9D898EC91}.Debug|iPhone.Build.0 = Debug|Any CPU
		{6417B24E-49C2-4985-8DB2-3AB9D898EC91}.Debug|iPhoneSimulator.ActiveCfg = Debug|Any CPU
		{6417B24E-49C2-4985-8DB2-3AB9D898EC91}.Debug|iPhoneSimulator.Build.0 = Debug|Any CPU
		{6417B24E-49C2-4985-8DB2-3AB9D898EC91}.Debug|Mono.ActiveCfg = Debug|Any CPU
		{6417B24E-49C2-4985-8DB2-3AB9D898EC91}.Debug|Mono.Build.0 = Debug|Any CPU
		{6417B24E-49C2-4985-8DB2-3AB9D898EC91}.Debug|x86.ActiveCfg = Debug|Any CPU
		{6417B24E-49C2-4985-8DB2-3AB9D898EC91}.Debug|x86.Build.0 = Debug|Any CPU
		{6417B24E-49C2-4985-8DB2-3AB9D898EC91}.Release|Any CPU.ActiveCfg = Release|Any CPU
		{6417B24E-49C2-4985-8DB2-3AB9D898EC91}.Release|Any CPU.Build.0 = Release|Any CPU
		{6417B24E-49C2-4985-8DB2-3AB9D898EC91}.Release|iPhone.ActiveCfg = Release|Any CPU
		{6417B24E-49C2-4985-8DB2-3AB9D898EC91}.Release|iPhone.Build.0 = Release|Any CPU
		{6417B24E-49C2-4985-8DB2-3AB9D898EC91}.Release|iPhoneSimulator.ActiveCfg = Release|Any CPU
		{6417B24E-49C2-4985-8DB2-3AB9D898EC91}.Release|iPhoneSimulator.Build.0 = Release|Any CPU
		{6417B24E-49C2-4985-8DB2-3AB9D898EC91}.Release|Mono.ActiveCfg = Release|Any CPU
		{6417B24E-49C2-4985-8DB2-3AB9D898EC91}.Release|Mono.Build.0 = Release|Any CPU
		{6417B24E-49C2-4985-8DB2-3AB9D898EC91}.Release|x86.ActiveCfg = Release|Any CPU
		{6417B24E-49C2-4985-8DB2-3AB9D898EC91}.Release|x86.Build.0 = Release|Any CPU
		{6417E941-21BC-467B-A771-0DE389353CE6}.Ad-Hoc|Any CPU.ActiveCfg = Release|Any CPU
		{6417E941-21BC-467B-A771-0DE389353CE6}.Ad-Hoc|Any CPU.Build.0 = Release|Any CPU
		{6417E941-21BC-467B-A771-0DE389353CE6}.Ad-Hoc|iPhone.ActiveCfg = Release|Any CPU
		{6417E941-21BC-467B-A771-0DE389353CE6}.Ad-Hoc|iPhone.Build.0 = Release|Any CPU
		{6417E941-21BC-467B-A771-0DE389353CE6}.Ad-Hoc|iPhoneSimulator.ActiveCfg = Release|Any CPU
		{6417E941-21BC-467B-A771-0DE389353CE6}.Ad-Hoc|iPhoneSimulator.Build.0 = Release|Any CPU
		{6417E941-21BC-467B-A771-0DE389353CE6}.Ad-Hoc|Mono.ActiveCfg = Debug|Any CPU
		{6417E941-21BC-467B-A771-0DE389353CE6}.Ad-Hoc|x86.ActiveCfg = Debug|Any CPU
		{6417E941-21BC-467B-A771-0DE389353CE6}.Ad-Hoc|x86.Build.0 = Debug|Any CPU
		{6417E941-21BC-467B-A771-0DE389353CE6}.AppStore|Any CPU.ActiveCfg = Release|Any CPU
		{6417E941-21BC-467B-A771-0DE389353CE6}.AppStore|Any CPU.Build.0 = Release|Any CPU
		{6417E941-21BC-467B-A771-0DE389353CE6}.AppStore|iPhone.ActiveCfg = Release|Any CPU
		{6417E941-21BC-467B-A771-0DE389353CE6}.AppStore|iPhone.Build.0 = Release|Any CPU
		{6417E941-21BC-467B-A771-0DE389353CE6}.AppStore|iPhoneSimulator.ActiveCfg = Release|Any CPU
		{6417E941-21BC-467B-A771-0DE389353CE6}.AppStore|iPhoneSimulator.Build.0 = Release|Any CPU
		{6417E941-21BC-467B-A771-0DE389353CE6}.AppStore|Mono.ActiveCfg = Debug|Any CPU
		{6417E941-21BC-467B-A771-0DE389353CE6}.AppStore|x86.ActiveCfg = Debug|Any CPU
		{6417E941-21BC-467B-A771-0DE389353CE6}.AppStore|x86.Build.0 = Debug|Any CPU
		{6417E941-21BC-467B-A771-0DE389353CE6}.Debug|Any CPU.ActiveCfg = Debug|Any CPU
		{6417E941-21BC-467B-A771-0DE389353CE6}.Debug|Any CPU.Build.0 = Debug|Any CPU
		{6417E941-21BC-467B-A771-0DE389353CE6}.Debug|iPhone.ActiveCfg = Debug|Any CPU
		{6417E941-21BC-467B-A771-0DE389353CE6}.Debug|iPhone.Build.0 = Debug|Any CPU
		{6417E941-21BC-467B-A771-0DE389353CE6}.Debug|iPhoneSimulator.ActiveCfg = Debug|Any CPU
		{6417E941-21BC-467B-A771-0DE389353CE6}.Debug|iPhoneSimulator.Build.0 = Debug|Any CPU
		{6417E941-21BC-467B-A771-0DE389353CE6}.Debug|Mono.ActiveCfg = Debug|Any CPU
		{6417E941-21BC-467B-A771-0DE389353CE6}.Debug|Mono.Build.0 = Debug|Any CPU
		{6417E941-21BC-467B-A771-0DE389353CE6}.Debug|x86.ActiveCfg = Debug|Any CPU
		{6417E941-21BC-467B-A771-0DE389353CE6}.Debug|x86.Build.0 = Debug|Any CPU
		{6417E941-21BC-467B-A771-0DE389353CE6}.Release|Any CPU.ActiveCfg = Release|Any CPU
		{6417E941-21BC-467B-A771-0DE389353CE6}.Release|Any CPU.Build.0 = Release|Any CPU
		{6417E941-21BC-467B-A771-0DE389353CE6}.Release|iPhone.ActiveCfg = Release|Any CPU
		{6417E941-21BC-467B-A771-0DE389353CE6}.Release|iPhone.Build.0 = Release|Any CPU
		{6417E941-21BC-467B-A771-0DE389353CE6}.Release|iPhoneSimulator.ActiveCfg = Release|Any CPU
		{6417E941-21BC-467B-A771-0DE389353CE6}.Release|iPhoneSimulator.Build.0 = Release|Any CPU
		{6417E941-21BC-467B-A771-0DE389353CE6}.Release|Mono.ActiveCfg = Release|Any CPU
		{6417E941-21BC-467B-A771-0DE389353CE6}.Release|Mono.Build.0 = Release|Any CPU
		{6417E941-21BC-467B-A771-0DE389353CE6}.Release|x86.ActiveCfg = Release|Any CPU
		{6417E941-21BC-467B-A771-0DE389353CE6}.Release|x86.Build.0 = Release|Any CPU
		{B61B66A3-B82D-4875-8001-89D3394FE0C9}.Ad-Hoc|Any CPU.ActiveCfg = Release|Any CPU
		{B61B66A3-B82D-4875-8001-89D3394FE0C9}.Ad-Hoc|Any CPU.Build.0 = Release|Any CPU
		{B61B66A3-B82D-4875-8001-89D3394FE0C9}.Ad-Hoc|iPhone.ActiveCfg = Release|Any CPU
		{B61B66A3-B82D-4875-8001-89D3394FE0C9}.Ad-Hoc|iPhone.Build.0 = Release|Any CPU
		{B61B66A3-B82D-4875-8001-89D3394FE0C9}.Ad-Hoc|iPhoneSimulator.ActiveCfg = Release|Any CPU
		{B61B66A3-B82D-4875-8001-89D3394FE0C9}.Ad-Hoc|iPhoneSimulator.Build.0 = Release|Any CPU
		{B61B66A3-B82D-4875-8001-89D3394FE0C9}.Ad-Hoc|Mono.ActiveCfg = Debug|Any CPU
		{B61B66A3-B82D-4875-8001-89D3394FE0C9}.Ad-Hoc|x86.ActiveCfg = Debug|Any CPU
		{B61B66A3-B82D-4875-8001-89D3394FE0C9}.Ad-Hoc|x86.Build.0 = Debug|Any CPU
		{B61B66A3-B82D-4875-8001-89D3394FE0C9}.AppStore|Any CPU.ActiveCfg = Release|Any CPU
		{B61B66A3-B82D-4875-8001-89D3394FE0C9}.AppStore|Any CPU.Build.0 = Release|Any CPU
		{B61B66A3-B82D-4875-8001-89D3394FE0C9}.AppStore|iPhone.ActiveCfg = Release|Any CPU
		{B61B66A3-B82D-4875-8001-89D3394FE0C9}.AppStore|iPhone.Build.0 = Release|Any CPU
		{B61B66A3-B82D-4875-8001-89D3394FE0C9}.AppStore|iPhoneSimulator.ActiveCfg = Release|Any CPU
		{B61B66A3-B82D-4875-8001-89D3394FE0C9}.AppStore|iPhoneSimulator.Build.0 = Release|Any CPU
		{B61B66A3-B82D-4875-8001-89D3394FE0C9}.AppStore|Mono.ActiveCfg = Debug|Any CPU
		{B61B66A3-B82D-4875-8001-89D3394FE0C9}.AppStore|x86.ActiveCfg = Debug|Any CPU
		{B61B66A3-B82D-4875-8001-89D3394FE0C9}.AppStore|x86.Build.0 = Debug|Any CPU
		{B61B66A3-B82D-4875-8001-89D3394FE0C9}.Debug|Any CPU.ActiveCfg = Debug|Any CPU
		{B61B66A3-B82D-4875-8001-89D3394FE0C9}.Debug|Any CPU.Build.0 = Debug|Any CPU
		{B61B66A3-B82D-4875-8001-89D3394FE0C9}.Debug|iPhone.ActiveCfg = Debug|Any CPU
		{B61B66A3-B82D-4875-8001-89D3394FE0C9}.Debug|iPhone.Build.0 = Debug|Any CPU
		{B61B66A3-B82D-4875-8001-89D3394FE0C9}.Debug|iPhoneSimulator.ActiveCfg = Debug|Any CPU
		{B61B66A3-B82D-4875-8001-89D3394FE0C9}.Debug|iPhoneSimulator.Build.0 = Debug|Any CPU
		{B61B66A3-B82D-4875-8001-89D3394FE0C9}.Debug|Mono.ActiveCfg = Debug|Any CPU
		{B61B66A3-B82D-4875-8001-89D3394FE0C9}.Debug|Mono.Build.0 = Debug|Any CPU
		{B61B66A3-B82D-4875-8001-89D3394FE0C9}.Debug|x86.ActiveCfg = Debug|Any CPU
		{B61B66A3-B82D-4875-8001-89D3394FE0C9}.Debug|x86.Build.0 = Debug|Any CPU
		{B61B66A3-B82D-4875-8001-89D3394FE0C9}.Release|Any CPU.ActiveCfg = Release|Any CPU
		{B61B66A3-B82D-4875-8001-89D3394FE0C9}.Release|Any CPU.Build.0 = Release|Any CPU
		{B61B66A3-B82D-4875-8001-89D3394FE0C9}.Release|iPhone.ActiveCfg = Release|Any CPU
		{B61B66A3-B82D-4875-8001-89D3394FE0C9}.Release|iPhone.Build.0 = Release|Any CPU
		{B61B66A3-B82D-4875-8001-89D3394FE0C9}.Release|iPhoneSimulator.ActiveCfg = Release|Any CPU
		{B61B66A3-B82D-4875-8001-89D3394FE0C9}.Release|iPhoneSimulator.Build.0 = Release|Any CPU
		{B61B66A3-B82D-4875-8001-89D3394FE0C9}.Release|Mono.ActiveCfg = Release|Any CPU
		{B61B66A3-B82D-4875-8001-89D3394FE0C9}.Release|Mono.Build.0 = Release|Any CPU
		{B61B66A3-B82D-4875-8001-89D3394FE0C9}.Release|x86.ActiveCfg = Release|Any CPU
		{B61B66A3-B82D-4875-8001-89D3394FE0C9}.Release|x86.Build.0 = Release|Any CPU
		{4A1ABB09-9047-4BD5-A4AD-A055E52C5EE0}.Ad-Hoc|Any CPU.ActiveCfg = Release|Any CPU
		{4A1ABB09-9047-4BD5-A4AD-A055E52C5EE0}.Ad-Hoc|Any CPU.Build.0 = Release|Any CPU
		{4A1ABB09-9047-4BD5-A4AD-A055E52C5EE0}.Ad-Hoc|iPhone.ActiveCfg = Release|Any CPU
		{4A1ABB09-9047-4BD5-A4AD-A055E52C5EE0}.Ad-Hoc|iPhone.Build.0 = Release|Any CPU
		{4A1ABB09-9047-4BD5-A4AD-A055E52C5EE0}.Ad-Hoc|iPhoneSimulator.ActiveCfg = Release|Any CPU
		{4A1ABB09-9047-4BD5-A4AD-A055E52C5EE0}.Ad-Hoc|iPhoneSimulator.Build.0 = Release|Any CPU
		{4A1ABB09-9047-4BD5-A4AD-A055E52C5EE0}.Ad-Hoc|Mono.ActiveCfg = Release|Any CPU
		{4A1ABB09-9047-4BD5-A4AD-A055E52C5EE0}.Ad-Hoc|Mono.Build.0 = Release|Any CPU
		{4A1ABB09-9047-4BD5-A4AD-A055E52C5EE0}.Ad-Hoc|x86.ActiveCfg = Release|Any CPU
		{4A1ABB09-9047-4BD5-A4AD-A055E52C5EE0}.Ad-Hoc|x86.Build.0 = Release|Any CPU
		{4A1ABB09-9047-4BD5-A4AD-A055E52C5EE0}.AppStore|Any CPU.ActiveCfg = Release|Any CPU
		{4A1ABB09-9047-4BD5-A4AD-A055E52C5EE0}.AppStore|Any CPU.Build.0 = Release|Any CPU
		{4A1ABB09-9047-4BD5-A4AD-A055E52C5EE0}.AppStore|iPhone.ActiveCfg = Release|Any CPU
		{4A1ABB09-9047-4BD5-A4AD-A055E52C5EE0}.AppStore|iPhone.Build.0 = Release|Any CPU
		{4A1ABB09-9047-4BD5-A4AD-A055E52C5EE0}.AppStore|iPhoneSimulator.ActiveCfg = Release|Any CPU
		{4A1ABB09-9047-4BD5-A4AD-A055E52C5EE0}.AppStore|iPhoneSimulator.Build.0 = Release|Any CPU
		{4A1ABB09-9047-4BD5-A4AD-A055E52C5EE0}.AppStore|Mono.ActiveCfg = Release|Any CPU
		{4A1ABB09-9047-4BD5-A4AD-A055E52C5EE0}.AppStore|Mono.Build.0 = Release|Any CPU
		{4A1ABB09-9047-4BD5-A4AD-A055E52C5EE0}.AppStore|x86.ActiveCfg = Release|Any CPU
		{4A1ABB09-9047-4BD5-A4AD-A055E52C5EE0}.AppStore|x86.Build.0 = Release|Any CPU
		{4A1ABB09-9047-4BD5-A4AD-A055E52C5EE0}.Debug|Any CPU.ActiveCfg = Debug|Any CPU
		{4A1ABB09-9047-4BD5-A4AD-A055E52C5EE0}.Debug|Any CPU.Build.0 = Debug|Any CPU
		{4A1ABB09-9047-4BD5-A4AD-A055E52C5EE0}.Debug|iPhone.ActiveCfg = Debug|Any CPU
		{4A1ABB09-9047-4BD5-A4AD-A055E52C5EE0}.Debug|iPhone.Build.0 = Debug|Any CPU
		{4A1ABB09-9047-4BD5-A4AD-A055E52C5EE0}.Debug|iPhoneSimulator.ActiveCfg = Debug|Any CPU
		{4A1ABB09-9047-4BD5-A4AD-A055E52C5EE0}.Debug|iPhoneSimulator.Build.0 = Debug|Any CPU
		{4A1ABB09-9047-4BD5-A4AD-A055E52C5EE0}.Debug|Mono.ActiveCfg = Debug|Any CPU
		{4A1ABB09-9047-4BD5-A4AD-A055E52C5EE0}.Debug|Mono.Build.0 = Debug|Any CPU
		{4A1ABB09-9047-4BD5-A4AD-A055E52C5EE0}.Debug|x86.ActiveCfg = Debug|Any CPU
		{4A1ABB09-9047-4BD5-A4AD-A055E52C5EE0}.Debug|x86.Build.0 = Debug|Any CPU
		{4A1ABB09-9047-4BD5-A4AD-A055E52C5EE0}.Release|Any CPU.ActiveCfg = Release|Any CPU
		{4A1ABB09-9047-4BD5-A4AD-A055E52C5EE0}.Release|Any CPU.Build.0 = Release|Any CPU
		{4A1ABB09-9047-4BD5-A4AD-A055E52C5EE0}.Release|iPhone.ActiveCfg = Release|Any CPU
		{4A1ABB09-9047-4BD5-A4AD-A055E52C5EE0}.Release|iPhone.Build.0 = Release|Any CPU
		{4A1ABB09-9047-4BD5-A4AD-A055E52C5EE0}.Release|iPhoneSimulator.ActiveCfg = Release|Any CPU
		{4A1ABB09-9047-4BD5-A4AD-A055E52C5EE0}.Release|iPhoneSimulator.Build.0 = Release|Any CPU
		{4A1ABB09-9047-4BD5-A4AD-A055E52C5EE0}.Release|Mono.ActiveCfg = Release|Any CPU
		{4A1ABB09-9047-4BD5-A4AD-A055E52C5EE0}.Release|Mono.Build.0 = Release|Any CPU
		{4A1ABB09-9047-4BD5-A4AD-A055E52C5EE0}.Release|x86.ActiveCfg = Release|Any CPU
		{4A1ABB09-9047-4BD5-A4AD-A055E52C5EE0}.Release|x86.Build.0 = Release|Any CPU
		{FB8A5225-7584-49A4-8978-FA1861AA91B4}.Ad-Hoc|Any CPU.ActiveCfg = Release|Any CPU
		{FB8A5225-7584-49A4-8978-FA1861AA91B4}.Ad-Hoc|Any CPU.Build.0 = Release|Any CPU
		{FB8A5225-7584-49A4-8978-FA1861AA91B4}.Ad-Hoc|iPhone.ActiveCfg = Release|Any CPU
		{FB8A5225-7584-49A4-8978-FA1861AA91B4}.Ad-Hoc|iPhone.Build.0 = Release|Any CPU
		{FB8A5225-7584-49A4-8978-FA1861AA91B4}.Ad-Hoc|iPhoneSimulator.ActiveCfg = Release|Any CPU
		{FB8A5225-7584-49A4-8978-FA1861AA91B4}.Ad-Hoc|iPhoneSimulator.Build.0 = Release|Any CPU
		{FB8A5225-7584-49A4-8978-FA1861AA91B4}.Ad-Hoc|Mono.ActiveCfg = Release|Any CPU
		{FB8A5225-7584-49A4-8978-FA1861AA91B4}.Ad-Hoc|Mono.Build.0 = Release|Any CPU
		{FB8A5225-7584-49A4-8978-FA1861AA91B4}.Ad-Hoc|x86.ActiveCfg = Release|Any CPU
		{FB8A5225-7584-49A4-8978-FA1861AA91B4}.Ad-Hoc|x86.Build.0 = Release|Any CPU
		{FB8A5225-7584-49A4-8978-FA1861AA91B4}.AppStore|Any CPU.ActiveCfg = Release|Any CPU
		{FB8A5225-7584-49A4-8978-FA1861AA91B4}.AppStore|Any CPU.Build.0 = Release|Any CPU
		{FB8A5225-7584-49A4-8978-FA1861AA91B4}.AppStore|iPhone.ActiveCfg = Release|Any CPU
		{FB8A5225-7584-49A4-8978-FA1861AA91B4}.AppStore|iPhone.Build.0 = Release|Any CPU
		{FB8A5225-7584-49A4-8978-FA1861AA91B4}.AppStore|iPhoneSimulator.ActiveCfg = Release|Any CPU
		{FB8A5225-7584-49A4-8978-FA1861AA91B4}.AppStore|iPhoneSimulator.Build.0 = Release|Any CPU
		{FB8A5225-7584-49A4-8978-FA1861AA91B4}.AppStore|Mono.ActiveCfg = Release|Any CPU
		{FB8A5225-7584-49A4-8978-FA1861AA91B4}.AppStore|Mono.Build.0 = Release|Any CPU
		{FB8A5225-7584-49A4-8978-FA1861AA91B4}.AppStore|x86.ActiveCfg = Release|Any CPU
		{FB8A5225-7584-49A4-8978-FA1861AA91B4}.AppStore|x86.Build.0 = Release|Any CPU
		{FB8A5225-7584-49A4-8978-FA1861AA91B4}.Debug|Any CPU.ActiveCfg = Debug|Any CPU
		{FB8A5225-7584-49A4-8978-FA1861AA91B4}.Debug|Any CPU.Build.0 = Debug|Any CPU
		{FB8A5225-7584-49A4-8978-FA1861AA91B4}.Debug|iPhone.ActiveCfg = Debug|Any CPU
		{FB8A5225-7584-49A4-8978-FA1861AA91B4}.Debug|iPhone.Build.0 = Debug|Any CPU
		{FB8A5225-7584-49A4-8978-FA1861AA91B4}.Debug|iPhoneSimulator.ActiveCfg = Debug|Any CPU
		{FB8A5225-7584-49A4-8978-FA1861AA91B4}.Debug|iPhoneSimulator.Build.0 = Debug|Any CPU
		{FB8A5225-7584-49A4-8978-FA1861AA91B4}.Debug|Mono.ActiveCfg = Debug|Any CPU
		{FB8A5225-7584-49A4-8978-FA1861AA91B4}.Debug|Mono.Build.0 = Debug|Any CPU
		{FB8A5225-7584-49A4-8978-FA1861AA91B4}.Debug|x86.ActiveCfg = Debug|Any CPU
		{FB8A5225-7584-49A4-8978-FA1861AA91B4}.Debug|x86.Build.0 = Debug|Any CPU
		{FB8A5225-7584-49A4-8978-FA1861AA91B4}.Release|Any CPU.ActiveCfg = Release|Any CPU
		{FB8A5225-7584-49A4-8978-FA1861AA91B4}.Release|Any CPU.Build.0 = Release|Any CPU
		{FB8A5225-7584-49A4-8978-FA1861AA91B4}.Release|iPhone.ActiveCfg = Release|Any CPU
		{FB8A5225-7584-49A4-8978-FA1861AA91B4}.Release|iPhone.Build.0 = Release|Any CPU
		{FB8A5225-7584-49A4-8978-FA1861AA91B4}.Release|iPhoneSimulator.ActiveCfg = Release|Any CPU
		{FB8A5225-7584-49A4-8978-FA1861AA91B4}.Release|iPhoneSimulator.Build.0 = Release|Any CPU
		{FB8A5225-7584-49A4-8978-FA1861AA91B4}.Release|Mono.ActiveCfg = Release|Any CPU
		{FB8A5225-7584-49A4-8978-FA1861AA91B4}.Release|Mono.Build.0 = Release|Any CPU
		{FB8A5225-7584-49A4-8978-FA1861AA91B4}.Release|x86.ActiveCfg = Release|Any CPU
		{FB8A5225-7584-49A4-8978-FA1861AA91B4}.Release|x86.Build.0 = Release|Any CPU
		{4AEFCFCF-5514-44B1-ACEF-93D40528A0BC}.Ad-Hoc|Any CPU.ActiveCfg = Release|Any CPU
		{4AEFCFCF-5514-44B1-ACEF-93D40528A0BC}.Ad-Hoc|Any CPU.Build.0 = Release|Any CPU
		{4AEFCFCF-5514-44B1-ACEF-93D40528A0BC}.Ad-Hoc|iPhone.ActiveCfg = Release|Any CPU
		{4AEFCFCF-5514-44B1-ACEF-93D40528A0BC}.Ad-Hoc|iPhone.Build.0 = Release|Any CPU
		{4AEFCFCF-5514-44B1-ACEF-93D40528A0BC}.Ad-Hoc|iPhoneSimulator.ActiveCfg = Release|Any CPU
		{4AEFCFCF-5514-44B1-ACEF-93D40528A0BC}.Ad-Hoc|iPhoneSimulator.Build.0 = Release|Any CPU
		{4AEFCFCF-5514-44B1-ACEF-93D40528A0BC}.Ad-Hoc|Mono.ActiveCfg = Release|Any CPU
		{4AEFCFCF-5514-44B1-ACEF-93D40528A0BC}.Ad-Hoc|Mono.Build.0 = Release|Any CPU
		{4AEFCFCF-5514-44B1-ACEF-93D40528A0BC}.Ad-Hoc|x86.ActiveCfg = Release|Any CPU
		{4AEFCFCF-5514-44B1-ACEF-93D40528A0BC}.Ad-Hoc|x86.Build.0 = Release|Any CPU
		{4AEFCFCF-5514-44B1-ACEF-93D40528A0BC}.AppStore|Any CPU.ActiveCfg = Release|Any CPU
		{4AEFCFCF-5514-44B1-ACEF-93D40528A0BC}.AppStore|Any CPU.Build.0 = Release|Any CPU
		{4AEFCFCF-5514-44B1-ACEF-93D40528A0BC}.AppStore|iPhone.ActiveCfg = Release|Any CPU
		{4AEFCFCF-5514-44B1-ACEF-93D40528A0BC}.AppStore|iPhone.Build.0 = Release|Any CPU
		{4AEFCFCF-5514-44B1-ACEF-93D40528A0BC}.AppStore|iPhoneSimulator.ActiveCfg = Release|Any CPU
		{4AEFCFCF-5514-44B1-ACEF-93D40528A0BC}.AppStore|iPhoneSimulator.Build.0 = Release|Any CPU
		{4AEFCFCF-5514-44B1-ACEF-93D40528A0BC}.AppStore|Mono.ActiveCfg = Release|Any CPU
		{4AEFCFCF-5514-44B1-ACEF-93D40528A0BC}.AppStore|Mono.Build.0 = Release|Any CPU
		{4AEFCFCF-5514-44B1-ACEF-93D40528A0BC}.AppStore|x86.ActiveCfg = Release|Any CPU
		{4AEFCFCF-5514-44B1-ACEF-93D40528A0BC}.AppStore|x86.Build.0 = Release|Any CPU
		{4AEFCFCF-5514-44B1-ACEF-93D40528A0BC}.Debug|Any CPU.ActiveCfg = Debug|Any CPU
		{4AEFCFCF-5514-44B1-ACEF-93D40528A0BC}.Debug|Any CPU.Build.0 = Debug|Any CPU
		{4AEFCFCF-5514-44B1-ACEF-93D40528A0BC}.Debug|iPhone.ActiveCfg = Debug|Any CPU
		{4AEFCFCF-5514-44B1-ACEF-93D40528A0BC}.Debug|iPhone.Build.0 = Debug|Any CPU
		{4AEFCFCF-5514-44B1-ACEF-93D40528A0BC}.Debug|iPhoneSimulator.ActiveCfg = Debug|Any CPU
		{4AEFCFCF-5514-44B1-ACEF-93D40528A0BC}.Debug|iPhoneSimulator.Build.0 = Debug|Any CPU
		{4AEFCFCF-5514-44B1-ACEF-93D40528A0BC}.Debug|Mono.ActiveCfg = Debug|Any CPU
		{4AEFCFCF-5514-44B1-ACEF-93D40528A0BC}.Debug|Mono.Build.0 = Debug|Any CPU
		{4AEFCFCF-5514-44B1-ACEF-93D40528A0BC}.Debug|x86.ActiveCfg = Debug|Any CPU
		{4AEFCFCF-5514-44B1-ACEF-93D40528A0BC}.Debug|x86.Build.0 = Debug|Any CPU
		{4AEFCFCF-5514-44B1-ACEF-93D40528A0BC}.Release|Any CPU.ActiveCfg = Release|Any CPU
		{4AEFCFCF-5514-44B1-ACEF-93D40528A0BC}.Release|Any CPU.Build.0 = Release|Any CPU
		{4AEFCFCF-5514-44B1-ACEF-93D40528A0BC}.Release|iPhone.ActiveCfg = Release|Any CPU
		{4AEFCFCF-5514-44B1-ACEF-93D40528A0BC}.Release|iPhone.Build.0 = Release|Any CPU
		{4AEFCFCF-5514-44B1-ACEF-93D40528A0BC}.Release|iPhoneSimulator.ActiveCfg = Release|Any CPU
		{4AEFCFCF-5514-44B1-ACEF-93D40528A0BC}.Release|iPhoneSimulator.Build.0 = Release|Any CPU
		{4AEFCFCF-5514-44B1-ACEF-93D40528A0BC}.Release|Mono.ActiveCfg = Release|Any CPU
		{4AEFCFCF-5514-44B1-ACEF-93D40528A0BC}.Release|Mono.Build.0 = Release|Any CPU
		{4AEFCFCF-5514-44B1-ACEF-93D40528A0BC}.Release|x86.ActiveCfg = Release|Any CPU
		{4AEFCFCF-5514-44B1-ACEF-93D40528A0BC}.Release|x86.Build.0 = Release|Any CPU
		{84AE3F65-B4DC-43E0-B2D0-DF0B188E8602}.Ad-Hoc|Any CPU.ActiveCfg = Release|Any CPU
		{84AE3F65-B4DC-43E0-B2D0-DF0B188E8602}.Ad-Hoc|Any CPU.Build.0 = Release|Any CPU
		{84AE3F65-B4DC-43E0-B2D0-DF0B188E8602}.Ad-Hoc|iPhone.ActiveCfg = Release|Any CPU
		{84AE3F65-B4DC-43E0-B2D0-DF0B188E8602}.Ad-Hoc|iPhone.Build.0 = Release|Any CPU
		{84AE3F65-B4DC-43E0-B2D0-DF0B188E8602}.Ad-Hoc|iPhoneSimulator.ActiveCfg = Release|Any CPU
		{84AE3F65-B4DC-43E0-B2D0-DF0B188E8602}.Ad-Hoc|iPhoneSimulator.Build.0 = Release|Any CPU
		{84AE3F65-B4DC-43E0-B2D0-DF0B188E8602}.Ad-Hoc|Mono.ActiveCfg = Release|Any CPU
		{84AE3F65-B4DC-43E0-B2D0-DF0B188E8602}.Ad-Hoc|Mono.Build.0 = Release|Any CPU
		{84AE3F65-B4DC-43E0-B2D0-DF0B188E8602}.Ad-Hoc|x86.ActiveCfg = Release|Any CPU
		{84AE3F65-B4DC-43E0-B2D0-DF0B188E8602}.Ad-Hoc|x86.Build.0 = Release|Any CPU
		{84AE3F65-B4DC-43E0-B2D0-DF0B188E8602}.AppStore|Any CPU.ActiveCfg = Release|Any CPU
		{84AE3F65-B4DC-43E0-B2D0-DF0B188E8602}.AppStore|Any CPU.Build.0 = Release|Any CPU
		{84AE3F65-B4DC-43E0-B2D0-DF0B188E8602}.AppStore|iPhone.ActiveCfg = Release|Any CPU
		{84AE3F65-B4DC-43E0-B2D0-DF0B188E8602}.AppStore|iPhone.Build.0 = Release|Any CPU
		{84AE3F65-B4DC-43E0-B2D0-DF0B188E8602}.AppStore|iPhoneSimulator.ActiveCfg = Release|Any CPU
		{84AE3F65-B4DC-43E0-B2D0-DF0B188E8602}.AppStore|iPhoneSimulator.Build.0 = Release|Any CPU
		{84AE3F65-B4DC-43E0-B2D0-DF0B188E8602}.AppStore|Mono.ActiveCfg = Release|Any CPU
		{84AE3F65-B4DC-43E0-B2D0-DF0B188E8602}.AppStore|Mono.Build.0 = Release|Any CPU
		{84AE3F65-B4DC-43E0-B2D0-DF0B188E8602}.AppStore|x86.ActiveCfg = Release|Any CPU
		{84AE3F65-B4DC-43E0-B2D0-DF0B188E8602}.AppStore|x86.Build.0 = Release|Any CPU
		{84AE3F65-B4DC-43E0-B2D0-DF0B188E8602}.Debug|Any CPU.ActiveCfg = Debug|Any CPU
		{84AE3F65-B4DC-43E0-B2D0-DF0B188E8602}.Debug|Any CPU.Build.0 = Debug|Any CPU
		{84AE3F65-B4DC-43E0-B2D0-DF0B188E8602}.Debug|iPhone.ActiveCfg = Debug|Any CPU
		{84AE3F65-B4DC-43E0-B2D0-DF0B188E8602}.Debug|iPhone.Build.0 = Debug|Any CPU
		{84AE3F65-B4DC-43E0-B2D0-DF0B188E8602}.Debug|iPhoneSimulator.ActiveCfg = Debug|Any CPU
		{84AE3F65-B4DC-43E0-B2D0-DF0B188E8602}.Debug|iPhoneSimulator.Build.0 = Debug|Any CPU
		{84AE3F65-B4DC-43E0-B2D0-DF0B188E8602}.Debug|Mono.ActiveCfg = Debug|Any CPU
		{84AE3F65-B4DC-43E0-B2D0-DF0B188E8602}.Debug|Mono.Build.0 = Debug|Any CPU
		{84AE3F65-B4DC-43E0-B2D0-DF0B188E8602}.Debug|x86.ActiveCfg = Debug|Any CPU
		{84AE3F65-B4DC-43E0-B2D0-DF0B188E8602}.Debug|x86.Build.0 = Debug|Any CPU
		{84AE3F65-B4DC-43E0-B2D0-DF0B188E8602}.Release|Any CPU.ActiveCfg = Release|Any CPU
		{84AE3F65-B4DC-43E0-B2D0-DF0B188E8602}.Release|Any CPU.Build.0 = Release|Any CPU
		{84AE3F65-B4DC-43E0-B2D0-DF0B188E8602}.Release|iPhone.ActiveCfg = Release|Any CPU
		{84AE3F65-B4DC-43E0-B2D0-DF0B188E8602}.Release|iPhone.Build.0 = Release|Any CPU
		{84AE3F65-B4DC-43E0-B2D0-DF0B188E8602}.Release|iPhoneSimulator.ActiveCfg = Release|Any CPU
		{84AE3F65-B4DC-43E0-B2D0-DF0B188E8602}.Release|iPhoneSimulator.Build.0 = Release|Any CPU
		{84AE3F65-B4DC-43E0-B2D0-DF0B188E8602}.Release|Mono.ActiveCfg = Release|Any CPU
		{84AE3F65-B4DC-43E0-B2D0-DF0B188E8602}.Release|Mono.Build.0 = Release|Any CPU
		{84AE3F65-B4DC-43E0-B2D0-DF0B188E8602}.Release|x86.ActiveCfg = Release|Any CPU
		{84AE3F65-B4DC-43E0-B2D0-DF0B188E8602}.Release|x86.Build.0 = Release|Any CPU
		{4153120E-85ED-4CEB-AD0B-D5372744DDE8}.Ad-Hoc|Any CPU.ActiveCfg = Release|Any CPU
		{4153120E-85ED-4CEB-AD0B-D5372744DDE8}.Ad-Hoc|Any CPU.Build.0 = Release|Any CPU
		{4153120E-85ED-4CEB-AD0B-D5372744DDE8}.Ad-Hoc|iPhone.ActiveCfg = Release|Any CPU
		{4153120E-85ED-4CEB-AD0B-D5372744DDE8}.Ad-Hoc|iPhone.Build.0 = Release|Any CPU
		{4153120E-85ED-4CEB-AD0B-D5372744DDE8}.Ad-Hoc|iPhoneSimulator.ActiveCfg = Release|Any CPU
		{4153120E-85ED-4CEB-AD0B-D5372744DDE8}.Ad-Hoc|iPhoneSimulator.Build.0 = Release|Any CPU
		{4153120E-85ED-4CEB-AD0B-D5372744DDE8}.Ad-Hoc|Mono.ActiveCfg = Release|Any CPU
		{4153120E-85ED-4CEB-AD0B-D5372744DDE8}.Ad-Hoc|Mono.Build.0 = Release|Any CPU
		{4153120E-85ED-4CEB-AD0B-D5372744DDE8}.Ad-Hoc|x86.ActiveCfg = Release|Any CPU
		{4153120E-85ED-4CEB-AD0B-D5372744DDE8}.Ad-Hoc|x86.Build.0 = Release|Any CPU
		{4153120E-85ED-4CEB-AD0B-D5372744DDE8}.AppStore|Any CPU.ActiveCfg = Release|Any CPU
		{4153120E-85ED-4CEB-AD0B-D5372744DDE8}.AppStore|Any CPU.Build.0 = Release|Any CPU
		{4153120E-85ED-4CEB-AD0B-D5372744DDE8}.AppStore|iPhone.ActiveCfg = Release|Any CPU
		{4153120E-85ED-4CEB-AD0B-D5372744DDE8}.AppStore|iPhone.Build.0 = Release|Any CPU
		{4153120E-85ED-4CEB-AD0B-D5372744DDE8}.AppStore|iPhoneSimulator.ActiveCfg = Release|Any CPU
		{4153120E-85ED-4CEB-AD0B-D5372744DDE8}.AppStore|iPhoneSimulator.Build.0 = Release|Any CPU
		{4153120E-85ED-4CEB-AD0B-D5372744DDE8}.AppStore|Mono.ActiveCfg = Release|Any CPU
		{4153120E-85ED-4CEB-AD0B-D5372744DDE8}.AppStore|Mono.Build.0 = Release|Any CPU
		{4153120E-85ED-4CEB-AD0B-D5372744DDE8}.AppStore|x86.ActiveCfg = Release|Any CPU
		{4153120E-85ED-4CEB-AD0B-D5372744DDE8}.AppStore|x86.Build.0 = Release|Any CPU
		{4153120E-85ED-4CEB-AD0B-D5372744DDE8}.Debug|Any CPU.ActiveCfg = Debug|Any CPU
		{4153120E-85ED-4CEB-AD0B-D5372744DDE8}.Debug|Any CPU.Build.0 = Debug|Any CPU
		{4153120E-85ED-4CEB-AD0B-D5372744DDE8}.Debug|iPhone.ActiveCfg = Debug|Any CPU
		{4153120E-85ED-4CEB-AD0B-D5372744DDE8}.Debug|iPhone.Build.0 = Debug|Any CPU
		{4153120E-85ED-4CEB-AD0B-D5372744DDE8}.Debug|iPhoneSimulator.ActiveCfg = Debug|Any CPU
		{4153120E-85ED-4CEB-AD0B-D5372744DDE8}.Debug|iPhoneSimulator.Build.0 = Debug|Any CPU
		{4153120E-85ED-4CEB-AD0B-D5372744DDE8}.Debug|Mono.ActiveCfg = Debug|Any CPU
		{4153120E-85ED-4CEB-AD0B-D5372744DDE8}.Debug|Mono.Build.0 = Debug|Any CPU
		{4153120E-85ED-4CEB-AD0B-D5372744DDE8}.Debug|x86.ActiveCfg = Debug|Any CPU
		{4153120E-85ED-4CEB-AD0B-D5372744DDE8}.Debug|x86.Build.0 = Debug|Any CPU
		{4153120E-85ED-4CEB-AD0B-D5372744DDE8}.Release|Any CPU.ActiveCfg = Release|Any CPU
		{4153120E-85ED-4CEB-AD0B-D5372744DDE8}.Release|Any CPU.Build.0 = Release|Any CPU
		{4153120E-85ED-4CEB-AD0B-D5372744DDE8}.Release|iPhone.ActiveCfg = Release|Any CPU
		{4153120E-85ED-4CEB-AD0B-D5372744DDE8}.Release|iPhone.Build.0 = Release|Any CPU
		{4153120E-85ED-4CEB-AD0B-D5372744DDE8}.Release|iPhoneSimulator.ActiveCfg = Release|Any CPU
		{4153120E-85ED-4CEB-AD0B-D5372744DDE8}.Release|iPhoneSimulator.Build.0 = Release|Any CPU
		{4153120E-85ED-4CEB-AD0B-D5372744DDE8}.Release|Mono.ActiveCfg = Release|Any CPU
		{4153120E-85ED-4CEB-AD0B-D5372744DDE8}.Release|Mono.Build.0 = Release|Any CPU
		{4153120E-85ED-4CEB-AD0B-D5372744DDE8}.Release|x86.ActiveCfg = Release|Any CPU
		{4153120E-85ED-4CEB-AD0B-D5372744DDE8}.Release|x86.Build.0 = Release|Any CPU
		{98E0E4A2-454C-446E-B585-1880FCD97541}.Ad-Hoc|Any CPU.ActiveCfg = Release|Any CPU
		{98E0E4A2-454C-446E-B585-1880FCD97541}.Ad-Hoc|Any CPU.Build.0 = Release|Any CPU
		{98E0E4A2-454C-446E-B585-1880FCD97541}.Ad-Hoc|iPhone.ActiveCfg = Release|Any CPU
		{98E0E4A2-454C-446E-B585-1880FCD97541}.Ad-Hoc|iPhone.Build.0 = Release|Any CPU
		{98E0E4A2-454C-446E-B585-1880FCD97541}.Ad-Hoc|iPhoneSimulator.ActiveCfg = Release|Any CPU
		{98E0E4A2-454C-446E-B585-1880FCD97541}.Ad-Hoc|iPhoneSimulator.Build.0 = Release|Any CPU
		{98E0E4A2-454C-446E-B585-1880FCD97541}.Ad-Hoc|Mono.ActiveCfg = Release|Any CPU
		{98E0E4A2-454C-446E-B585-1880FCD97541}.Ad-Hoc|Mono.Build.0 = Release|Any CPU
		{98E0E4A2-454C-446E-B585-1880FCD97541}.Ad-Hoc|x86.ActiveCfg = Release|Any CPU
		{98E0E4A2-454C-446E-B585-1880FCD97541}.Ad-Hoc|x86.Build.0 = Release|Any CPU
		{98E0E4A2-454C-446E-B585-1880FCD97541}.AppStore|Any CPU.ActiveCfg = Release|Any CPU
		{98E0E4A2-454C-446E-B585-1880FCD97541}.AppStore|Any CPU.Build.0 = Release|Any CPU
		{98E0E4A2-454C-446E-B585-1880FCD97541}.AppStore|iPhone.ActiveCfg = Release|Any CPU
		{98E0E4A2-454C-446E-B585-1880FCD97541}.AppStore|iPhone.Build.0 = Release|Any CPU
		{98E0E4A2-454C-446E-B585-1880FCD97541}.AppStore|iPhoneSimulator.ActiveCfg = Release|Any CPU
		{98E0E4A2-454C-446E-B585-1880FCD97541}.AppStore|iPhoneSimulator.Build.0 = Release|Any CPU
		{98E0E4A2-454C-446E-B585-1880FCD97541}.AppStore|Mono.ActiveCfg = Release|Any CPU
		{98E0E4A2-454C-446E-B585-1880FCD97541}.AppStore|Mono.Build.0 = Release|Any CPU
		{98E0E4A2-454C-446E-B585-1880FCD97541}.AppStore|x86.ActiveCfg = Release|Any CPU
		{98E0E4A2-454C-446E-B585-1880FCD97541}.AppStore|x86.Build.0 = Release|Any CPU
		{98E0E4A2-454C-446E-B585-1880FCD97541}.Debug|Any CPU.ActiveCfg = Debug|Any CPU
		{98E0E4A2-454C-446E-B585-1880FCD97541}.Debug|Any CPU.Build.0 = Debug|Any CPU
		{98E0E4A2-454C-446E-B585-1880FCD97541}.Debug|iPhone.ActiveCfg = Debug|Any CPU
		{98E0E4A2-454C-446E-B585-1880FCD97541}.Debug|iPhone.Build.0 = Debug|Any CPU
		{98E0E4A2-454C-446E-B585-1880FCD97541}.Debug|iPhoneSimulator.ActiveCfg = Debug|Any CPU
		{98E0E4A2-454C-446E-B585-1880FCD97541}.Debug|iPhoneSimulator.Build.0 = Debug|Any CPU
		{98E0E4A2-454C-446E-B585-1880FCD97541}.Debug|Mono.ActiveCfg = Debug|Any CPU
		{98E0E4A2-454C-446E-B585-1880FCD97541}.Debug|Mono.Build.0 = Debug|Any CPU
		{98E0E4A2-454C-446E-B585-1880FCD97541}.Debug|x86.ActiveCfg = Debug|Any CPU
		{98E0E4A2-454C-446E-B585-1880FCD97541}.Debug|x86.Build.0 = Debug|Any CPU
		{98E0E4A2-454C-446E-B585-1880FCD97541}.Release|Any CPU.ActiveCfg = Release|Any CPU
		{98E0E4A2-454C-446E-B585-1880FCD97541}.Release|Any CPU.Build.0 = Release|Any CPU
		{98E0E4A2-454C-446E-B585-1880FCD97541}.Release|iPhone.ActiveCfg = Release|Any CPU
		{98E0E4A2-454C-446E-B585-1880FCD97541}.Release|iPhone.Build.0 = Release|Any CPU
		{98E0E4A2-454C-446E-B585-1880FCD97541}.Release|iPhoneSimulator.ActiveCfg = Release|Any CPU
		{98E0E4A2-454C-446E-B585-1880FCD97541}.Release|iPhoneSimulator.Build.0 = Release|Any CPU
		{98E0E4A2-454C-446E-B585-1880FCD97541}.Release|Mono.ActiveCfg = Release|Any CPU
		{98E0E4A2-454C-446E-B585-1880FCD97541}.Release|Mono.Build.0 = Release|Any CPU
		{98E0E4A2-454C-446E-B585-1880FCD97541}.Release|x86.ActiveCfg = Release|Any CPU
		{98E0E4A2-454C-446E-B585-1880FCD97541}.Release|x86.Build.0 = Release|Any CPU
		{5FB2B005-0A7F-4DAD-ADD4-3ED01444E63D}.Ad-Hoc|Any CPU.ActiveCfg = Release|Any CPU
		{5FB2B005-0A7F-4DAD-ADD4-3ED01444E63D}.Ad-Hoc|Any CPU.Build.0 = Release|Any CPU
		{5FB2B005-0A7F-4DAD-ADD4-3ED01444E63D}.Ad-Hoc|iPhone.ActiveCfg = Release|Any CPU
		{5FB2B005-0A7F-4DAD-ADD4-3ED01444E63D}.Ad-Hoc|iPhone.Build.0 = Release|Any CPU
		{5FB2B005-0A7F-4DAD-ADD4-3ED01444E63D}.Ad-Hoc|iPhoneSimulator.ActiveCfg = Release|Any CPU
		{5FB2B005-0A7F-4DAD-ADD4-3ED01444E63D}.Ad-Hoc|iPhoneSimulator.Build.0 = Release|Any CPU
		{5FB2B005-0A7F-4DAD-ADD4-3ED01444E63D}.Ad-Hoc|Mono.ActiveCfg = Release|Any CPU
		{5FB2B005-0A7F-4DAD-ADD4-3ED01444E63D}.Ad-Hoc|Mono.Build.0 = Release|Any CPU
		{5FB2B005-0A7F-4DAD-ADD4-3ED01444E63D}.Ad-Hoc|x86.ActiveCfg = Release|Any CPU
		{5FB2B005-0A7F-4DAD-ADD4-3ED01444E63D}.Ad-Hoc|x86.Build.0 = Release|Any CPU
		{5FB2B005-0A7F-4DAD-ADD4-3ED01444E63D}.AppStore|Any CPU.ActiveCfg = Release|Any CPU
		{5FB2B005-0A7F-4DAD-ADD4-3ED01444E63D}.AppStore|Any CPU.Build.0 = Release|Any CPU
		{5FB2B005-0A7F-4DAD-ADD4-3ED01444E63D}.AppStore|iPhone.ActiveCfg = Release|Any CPU
		{5FB2B005-0A7F-4DAD-ADD4-3ED01444E63D}.AppStore|iPhone.Build.0 = Release|Any CPU
		{5FB2B005-0A7F-4DAD-ADD4-3ED01444E63D}.AppStore|iPhoneSimulator.ActiveCfg = Release|Any CPU
		{5FB2B005-0A7F-4DAD-ADD4-3ED01444E63D}.AppStore|iPhoneSimulator.Build.0 = Release|Any CPU
		{5FB2B005-0A7F-4DAD-ADD4-3ED01444E63D}.AppStore|Mono.ActiveCfg = Release|Any CPU
		{5FB2B005-0A7F-4DAD-ADD4-3ED01444E63D}.AppStore|Mono.Build.0 = Release|Any CPU
		{5FB2B005-0A7F-4DAD-ADD4-3ED01444E63D}.AppStore|x86.ActiveCfg = Release|Any CPU
		{5FB2B005-0A7F-4DAD-ADD4-3ED01444E63D}.AppStore|x86.Build.0 = Release|Any CPU
		{5FB2B005-0A7F-4DAD-ADD4-3ED01444E63D}.Debug|Any CPU.ActiveCfg = Debug|Any CPU
		{5FB2B005-0A7F-4DAD-ADD4-3ED01444E63D}.Debug|Any CPU.Build.0 = Debug|Any CPU
		{5FB2B005-0A7F-4DAD-ADD4-3ED01444E63D}.Debug|iPhone.ActiveCfg = Debug|Any CPU
		{5FB2B005-0A7F-4DAD-ADD4-3ED01444E63D}.Debug|iPhone.Build.0 = Debug|Any CPU
		{5FB2B005-0A7F-4DAD-ADD4-3ED01444E63D}.Debug|iPhoneSimulator.ActiveCfg = Debug|Any CPU
		{5FB2B005-0A7F-4DAD-ADD4-3ED01444E63D}.Debug|iPhoneSimulator.Build.0 = Debug|Any CPU
		{5FB2B005-0A7F-4DAD-ADD4-3ED01444E63D}.Debug|Mono.ActiveCfg = Debug|Any CPU
		{5FB2B005-0A7F-4DAD-ADD4-3ED01444E63D}.Debug|Mono.Build.0 = Debug|Any CPU
		{5FB2B005-0A7F-4DAD-ADD4-3ED01444E63D}.Debug|x86.ActiveCfg = Debug|Any CPU
		{5FB2B005-0A7F-4DAD-ADD4-3ED01444E63D}.Debug|x86.Build.0 = Debug|Any CPU
		{5FB2B005-0A7F-4DAD-ADD4-3ED01444E63D}.Release|Any CPU.ActiveCfg = Release|Any CPU
		{5FB2B005-0A7F-4DAD-ADD4-3ED01444E63D}.Release|Any CPU.Build.0 = Release|Any CPU
		{5FB2B005-0A7F-4DAD-ADD4-3ED01444E63D}.Release|iPhone.ActiveCfg = Release|Any CPU
		{5FB2B005-0A7F-4DAD-ADD4-3ED01444E63D}.Release|iPhone.Build.0 = Release|Any CPU
		{5FB2B005-0A7F-4DAD-ADD4-3ED01444E63D}.Release|iPhoneSimulator.ActiveCfg = Release|Any CPU
		{5FB2B005-0A7F-4DAD-ADD4-3ED01444E63D}.Release|iPhoneSimulator.Build.0 = Release|Any CPU
		{5FB2B005-0A7F-4DAD-ADD4-3ED01444E63D}.Release|Mono.ActiveCfg = Release|Any CPU
		{5FB2B005-0A7F-4DAD-ADD4-3ED01444E63D}.Release|Mono.Build.0 = Release|Any CPU
		{5FB2B005-0A7F-4DAD-ADD4-3ED01444E63D}.Release|x86.ActiveCfg = Release|Any CPU
		{5FB2B005-0A7F-4DAD-ADD4-3ED01444E63D}.Release|x86.Build.0 = Release|Any CPU
		{7062AE20-5DCC-4442-9645-8195BDECE63E}.Ad-Hoc|Any CPU.ActiveCfg = Release|Any CPU
		{7062AE20-5DCC-4442-9645-8195BDECE63E}.Ad-Hoc|Any CPU.Build.0 = Release|Any CPU
		{7062AE20-5DCC-4442-9645-8195BDECE63E}.Ad-Hoc|iPhone.ActiveCfg = Release|Any CPU
		{7062AE20-5DCC-4442-9645-8195BDECE63E}.Ad-Hoc|iPhone.Build.0 = Release|Any CPU
		{7062AE20-5DCC-4442-9645-8195BDECE63E}.Ad-Hoc|iPhoneSimulator.ActiveCfg = Release|Any CPU
		{7062AE20-5DCC-4442-9645-8195BDECE63E}.Ad-Hoc|iPhoneSimulator.Build.0 = Release|Any CPU
		{7062AE20-5DCC-4442-9645-8195BDECE63E}.Ad-Hoc|Mono.ActiveCfg = Release|Any CPU
		{7062AE20-5DCC-4442-9645-8195BDECE63E}.Ad-Hoc|Mono.Build.0 = Release|Any CPU
		{7062AE20-5DCC-4442-9645-8195BDECE63E}.Ad-Hoc|x86.ActiveCfg = Release|Any CPU
		{7062AE20-5DCC-4442-9645-8195BDECE63E}.Ad-Hoc|x86.Build.0 = Release|Any CPU
		{7062AE20-5DCC-4442-9645-8195BDECE63E}.AppStore|Any CPU.ActiveCfg = Release|Any CPU
		{7062AE20-5DCC-4442-9645-8195BDECE63E}.AppStore|Any CPU.Build.0 = Release|Any CPU
		{7062AE20-5DCC-4442-9645-8195BDECE63E}.AppStore|iPhone.ActiveCfg = Release|Any CPU
		{7062AE20-5DCC-4442-9645-8195BDECE63E}.AppStore|iPhone.Build.0 = Release|Any CPU
		{7062AE20-5DCC-4442-9645-8195BDECE63E}.AppStore|iPhoneSimulator.ActiveCfg = Release|Any CPU
		{7062AE20-5DCC-4442-9645-8195BDECE63E}.AppStore|iPhoneSimulator.Build.0 = Release|Any CPU
		{7062AE20-5DCC-4442-9645-8195BDECE63E}.AppStore|Mono.ActiveCfg = Release|Any CPU
		{7062AE20-5DCC-4442-9645-8195BDECE63E}.AppStore|Mono.Build.0 = Release|Any CPU
		{7062AE20-5DCC-4442-9645-8195BDECE63E}.AppStore|x86.ActiveCfg = Release|Any CPU
		{7062AE20-5DCC-4442-9645-8195BDECE63E}.AppStore|x86.Build.0 = Release|Any CPU
		{7062AE20-5DCC-4442-9645-8195BDECE63E}.Debug|Any CPU.ActiveCfg = Debug|Any CPU
		{7062AE20-5DCC-4442-9645-8195BDECE63E}.Debug|Any CPU.Build.0 = Debug|Any CPU
		{7062AE20-5DCC-4442-9645-8195BDECE63E}.Debug|iPhone.ActiveCfg = Debug|Any CPU
		{7062AE20-5DCC-4442-9645-8195BDECE63E}.Debug|iPhone.Build.0 = Debug|Any CPU
		{7062AE20-5DCC-4442-9645-8195BDECE63E}.Debug|iPhoneSimulator.ActiveCfg = Debug|Any CPU
		{7062AE20-5DCC-4442-9645-8195BDECE63E}.Debug|iPhoneSimulator.Build.0 = Debug|Any CPU
		{7062AE20-5DCC-4442-9645-8195BDECE63E}.Debug|Mono.ActiveCfg = Debug|Any CPU
		{7062AE20-5DCC-4442-9645-8195BDECE63E}.Debug|Mono.Build.0 = Debug|Any CPU
		{7062AE20-5DCC-4442-9645-8195BDECE63E}.Debug|x86.ActiveCfg = Debug|Any CPU
		{7062AE20-5DCC-4442-9645-8195BDECE63E}.Debug|x86.Build.0 = Debug|Any CPU
		{7062AE20-5DCC-4442-9645-8195BDECE63E}.Release|Any CPU.ActiveCfg = Release|Any CPU
		{7062AE20-5DCC-4442-9645-8195BDECE63E}.Release|Any CPU.Build.0 = Release|Any CPU
		{7062AE20-5DCC-4442-9645-8195BDECE63E}.Release|iPhone.ActiveCfg = Release|Any CPU
		{7062AE20-5DCC-4442-9645-8195BDECE63E}.Release|iPhone.Build.0 = Release|Any CPU
		{7062AE20-5DCC-4442-9645-8195BDECE63E}.Release|iPhoneSimulator.ActiveCfg = Release|Any CPU
		{7062AE20-5DCC-4442-9645-8195BDECE63E}.Release|iPhoneSimulator.Build.0 = Release|Any CPU
		{7062AE20-5DCC-4442-9645-8195BDECE63E}.Release|Mono.ActiveCfg = Release|Any CPU
		{7062AE20-5DCC-4442-9645-8195BDECE63E}.Release|Mono.Build.0 = Release|Any CPU
		{7062AE20-5DCC-4442-9645-8195BDECE63E}.Release|x86.ActiveCfg = Release|Any CPU
		{7062AE20-5DCC-4442-9645-8195BDECE63E}.Release|x86.Build.0 = Release|Any CPU
		{64C33AE8-472F-40F2-9E03-836C8B6DEC8B}.Ad-Hoc|Any CPU.ActiveCfg = Release|Any CPU
		{64C33AE8-472F-40F2-9E03-836C8B6DEC8B}.Ad-Hoc|Any CPU.Build.0 = Release|Any CPU
		{64C33AE8-472F-40F2-9E03-836C8B6DEC8B}.Ad-Hoc|iPhone.ActiveCfg = Release|Any CPU
		{64C33AE8-472F-40F2-9E03-836C8B6DEC8B}.Ad-Hoc|iPhone.Build.0 = Release|Any CPU
		{64C33AE8-472F-40F2-9E03-836C8B6DEC8B}.Ad-Hoc|iPhoneSimulator.ActiveCfg = Release|Any CPU
		{64C33AE8-472F-40F2-9E03-836C8B6DEC8B}.Ad-Hoc|iPhoneSimulator.Build.0 = Release|Any CPU
		{64C33AE8-472F-40F2-9E03-836C8B6DEC8B}.Ad-Hoc|Mono.ActiveCfg = Release|Any CPU
		{64C33AE8-472F-40F2-9E03-836C8B6DEC8B}.Ad-Hoc|Mono.Build.0 = Release|Any CPU
		{64C33AE8-472F-40F2-9E03-836C8B6DEC8B}.Ad-Hoc|x86.ActiveCfg = Release|Any CPU
		{64C33AE8-472F-40F2-9E03-836C8B6DEC8B}.Ad-Hoc|x86.Build.0 = Release|Any CPU
		{64C33AE8-472F-40F2-9E03-836C8B6DEC8B}.AppStore|Any CPU.ActiveCfg = Release|Any CPU
		{64C33AE8-472F-40F2-9E03-836C8B6DEC8B}.AppStore|Any CPU.Build.0 = Release|Any CPU
		{64C33AE8-472F-40F2-9E03-836C8B6DEC8B}.AppStore|iPhone.ActiveCfg = Release|Any CPU
		{64C33AE8-472F-40F2-9E03-836C8B6DEC8B}.AppStore|iPhone.Build.0 = Release|Any CPU
		{64C33AE8-472F-40F2-9E03-836C8B6DEC8B}.AppStore|iPhoneSimulator.ActiveCfg = Release|Any CPU
		{64C33AE8-472F-40F2-9E03-836C8B6DEC8B}.AppStore|iPhoneSimulator.Build.0 = Release|Any CPU
		{64C33AE8-472F-40F2-9E03-836C8B6DEC8B}.AppStore|Mono.ActiveCfg = Release|Any CPU
		{64C33AE8-472F-40F2-9E03-836C8B6DEC8B}.AppStore|Mono.Build.0 = Release|Any CPU
		{64C33AE8-472F-40F2-9E03-836C8B6DEC8B}.AppStore|x86.ActiveCfg = Release|Any CPU
		{64C33AE8-472F-40F2-9E03-836C8B6DEC8B}.AppStore|x86.Build.0 = Release|Any CPU
		{64C33AE8-472F-40F2-9E03-836C8B6DEC8B}.Debug|Any CPU.ActiveCfg = Debug|Any CPU
		{64C33AE8-472F-40F2-9E03-836C8B6DEC8B}.Debug|Any CPU.Build.0 = Debug|Any CPU
		{64C33AE8-472F-40F2-9E03-836C8B6DEC8B}.Debug|iPhone.ActiveCfg = Debug|Any CPU
		{64C33AE8-472F-40F2-9E03-836C8B6DEC8B}.Debug|iPhone.Build.0 = Debug|Any CPU
		{64C33AE8-472F-40F2-9E03-836C8B6DEC8B}.Debug|iPhoneSimulator.ActiveCfg = Debug|Any CPU
		{64C33AE8-472F-40F2-9E03-836C8B6DEC8B}.Debug|iPhoneSimulator.Build.0 = Debug|Any CPU
		{64C33AE8-472F-40F2-9E03-836C8B6DEC8B}.Debug|Mono.ActiveCfg = Debug|Any CPU
		{64C33AE8-472F-40F2-9E03-836C8B6DEC8B}.Debug|Mono.Build.0 = Debug|Any CPU
		{64C33AE8-472F-40F2-9E03-836C8B6DEC8B}.Debug|x86.ActiveCfg = Debug|Any CPU
		{64C33AE8-472F-40F2-9E03-836C8B6DEC8B}.Debug|x86.Build.0 = Debug|Any CPU
		{64C33AE8-472F-40F2-9E03-836C8B6DEC8B}.Release|Any CPU.ActiveCfg = Release|Any CPU
		{64C33AE8-472F-40F2-9E03-836C8B6DEC8B}.Release|Any CPU.Build.0 = Release|Any CPU
		{64C33AE8-472F-40F2-9E03-836C8B6DEC8B}.Release|iPhone.ActiveCfg = Release|Any CPU
		{64C33AE8-472F-40F2-9E03-836C8B6DEC8B}.Release|iPhone.Build.0 = Release|Any CPU
		{64C33AE8-472F-40F2-9E03-836C8B6DEC8B}.Release|iPhoneSimulator.ActiveCfg = Release|Any CPU
		{64C33AE8-472F-40F2-9E03-836C8B6DEC8B}.Release|iPhoneSimulator.Build.0 = Release|Any CPU
		{64C33AE8-472F-40F2-9E03-836C8B6DEC8B}.Release|Mono.ActiveCfg = Release|Any CPU
		{64C33AE8-472F-40F2-9E03-836C8B6DEC8B}.Release|Mono.Build.0 = Release|Any CPU
		{64C33AE8-472F-40F2-9E03-836C8B6DEC8B}.Release|x86.ActiveCfg = Release|Any CPU
		{64C33AE8-472F-40F2-9E03-836C8B6DEC8B}.Release|x86.Build.0 = Release|Any CPU
	EndGlobalSection
	GlobalSection(SolutionProperties) = preSolution
		HideSolutionNode = FALSE
	EndGlobalSection
	GlobalSection(NestedProjects) = preSolution
		{B09B78D8-9B26-48B0-9149-D64A2F120F3F} = {3A905DE7-5057-4282-BFB7-68597D1FCC70}
		{EB582467-6ABB-43A1-B052-E981BA910E3A} = {3A905DE7-5057-4282-BFB7-68597D1FCC70}
		{42472427-4774-4C81-8AFF-9F27B8E31721} = {3A905DE7-5057-4282-BFB7-68597D1FCC70}
		{B39A8919-9F95-48FE-AD7B-76E08B509888} = {3A905DE7-5057-4282-BFB7-68597D1FCC70}
		{811A76CF-1CF6-440F-963B-BBE31BD72A82} = {B39A8919-9F95-48FE-AD7B-76E08B509888}
		{3E908F67-5543-4879-A1DC-08EACE79B3CD} = {B39A8919-9F95-48FE-AD7B-76E08B509888}
		{62024B2D-53EB-4638-B26B-85EEAA54866E} = {3A905DE7-5057-4282-BFB7-68597D1FCC70}
		{6B0ED19D-A08B-461C-A9D9-A9EE40B0C06B} = {3A905DE7-5057-4282-BFB7-68597D1FCC70}
		{D2221C82-4A25-4583-9B43-D791E3F6820C} = {3A905DE7-5057-4282-BFB7-68597D1FCC70}
		{F1BAA01A-F176-4C6A-B39D-5B40BB1B148F} = {3A905DE7-5057-4282-BFB7-68597D1FCC70}
		{3E10A5FA-E8DA-48B1-AD44-6A5B6CB7750F} = {3A905DE7-5057-4282-BFB7-68597D1FCC70}
		{D211E587-D8BC-45B9-95A4-F297C8FA5200} = {3A905DE7-5057-4282-BFB7-68597D1FCC70}
		{8B6A8209-894F-4BA1-B880-965FD453982C} = {3A905DE7-5057-4282-BFB7-68597D1FCC70}
		{6417B24E-49C2-4985-8DB2-3AB9D898EC91} = {3A905DE7-5057-4282-BFB7-68597D1FCC70}
		{6417E941-21BC-467B-A771-0DE389353CE6} = {8B6A8209-894F-4BA1-B880-965FD453982C}
		{B61B66A3-B82D-4875-8001-89D3394FE0C9} = {3A905DE7-5057-4282-BFB7-68597D1FCC70}
		{4A1ABB09-9047-4BD5-A4AD-A055E52C5EE0} = {3A905DE7-5057-4282-BFB7-68597D1FCC70}
		{FB8A5225-7584-49A4-8978-FA1861AA91B4} = {34DFC730-5B88-420E-9B2A-EC3AA29A6F76}
		{34DFC730-5B88-420E-9B2A-EC3AA29A6F76} = {8B6A8209-894F-4BA1-B880-965FD453982C}
		{4AEFCFCF-5514-44B1-ACEF-93D40528A0BC} = {34DFC730-5B88-420E-9B2A-EC3AA29A6F76}
		{84AE3F65-B4DC-43E0-B2D0-DF0B188E8602} = {34DFC730-5B88-420E-9B2A-EC3AA29A6F76}
		{4153120E-85ED-4CEB-AD0B-D5372744DDE8} = {34DFC730-5B88-420E-9B2A-EC3AA29A6F76}
		{98E0E4A2-454C-446E-B585-1880FCD97541} = {34DFC730-5B88-420E-9B2A-EC3AA29A6F76}
		{5FB2B005-0A7F-4DAD-ADD4-3ED01444E63D} = {3A905DE7-5057-4282-BFB7-68597D1FCC70}
		{7062AE20-5DCC-4442-9645-8195BDECE63E} = {3A905DE7-5057-4282-BFB7-68597D1FCC70}
	EndGlobalSection
EndGlobal
